PODS:
  - Alamofire (4.4.0)
  - ChameleonFramework/Default (2.1.0)
  - ChameleonFramework/Swift (2.1.0):
    - ChameleonFramework/Default
  - Locksmith (3.0.0)
  - Mockingjay (2.0.0):
    - Mockingjay/Core (= 2.0.0)
    - Mockingjay/XCTest (= 2.0.0)
  - Mockingjay/Core (2.0.0):
    - URITemplate (~> 2.0)
  - Mockingjay/XCTest (2.0.0):
    - Mockingjay/Core
  - NVActivityIndicatorView (3.6.0)
  - SwiftyJSON (3.1.4)
  - URITemplate (2.0.1)

DEPENDENCIES:
  - Alamofire (~> 4.4)
  - ChameleonFramework/Swift (from `https://github.com/ViccAlexander/Chameleon.git`)
  - Locksmith
  - Mockingjay
  - NVActivityIndicatorView
  - SwiftyJSON (~> 3.1.4)

EXTERNAL SOURCES:
  ChameleonFramework:
    :git: https://github.com/ViccAlexander/Chameleon.git

CHECKOUT OPTIONS:
  ChameleonFramework:
    :commit: acc480fbe023c6e5fe40f68593f4a70a8c4c7ad5
    :git: https://github.com/ViccAlexander/Chameleon.git

SPEC CHECKSUMS:
  Alamofire: dc44b1600b800eb63da6a19039a0083d62a6a62d
  ChameleonFramework: d21a3cc247abfe5e37609a283a8238b03575cf64
  Locksmith: 310b4cc5031af5728bf4db5d4de547a5100c6a3b
  Mockingjay: 7122a3fc0597aa63438e4cd9b71b7bc8aac05b87
  NVActivityIndicatorView: c7c1c4300b418bd9ed06459e78d4df859ddbe31f
  SwiftyJSON: c2842d878f95482ffceec5709abc3d05680c0220
  URITemplate: 720b8a56a281494d7c2d31ee33183986eaed2c67

PODFILE CHECKSUM: 724186690b0cbeb968dba7662cda8d57e3383265

COCOAPODS: 1.2.1
