// !$*UTF8*$!
{
	archiveVersion = 1;
	classes = {
	};
	objectVersion = 46;
	objects = {

/* Begin PBXBuildFile section */
		A451CC2E52FC12A3D87D96B6 /* Pods_amble_iosUITests.framework in Frameworks */ = {isa = PBXBuildFile; fileRef = FB1E6A936296F9D7F4B87E02 /* Pods_amble_iosUITests.framework */; };
		AFB938AE1E5B2C0000BA3923 /* AppDelegate.swift in Sources */ = {isa = PBXBuildFile; fileRef = AFB938AD1E5B2C0000BA3923 /* AppDelegate.swift */; };
		AFB938B01E5B2C0000BA3923 /* FirstViewController.swift in Sources */ = {isa = PBXBuildFile; fileRef = AFB938AF1E5B2C0000BA3923 /* FirstViewController.swift */; };
		AFB938B21E5B2C0000BA3923 /* SecondViewController.swift in Sources */ = {isa = PBXBuildFile; fileRef = AFB938B11E5B2C0000BA3923 /* SecondViewController.swift */; };
		AFB938B51E5B2C0000BA3923 /* Main.storyboard in Resources */ = {isa = PBXBuildFile; fileRef = AFB938B31E5B2C0000BA3923 /* Main.storyboard */; };
		AFB938B71E5B2C0100BA3923 /* Assets.xcassets in Resources */ = {isa = PBXBuildFile; fileRef = AFB938B61E5B2C0100BA3923 /* Assets.xcassets */; };
		AFB938BA1E5B2C0100BA3923 /* LaunchScreen.storyboard in Resources */ = {isa = PBXBuildFile; fileRef = AFB938B81E5B2C0100BA3923 /* LaunchScreen.storyboard */; };
		AFB938C51E5B2C0100BA3923 /* amble_iosTests.swift in Sources */ = {isa = PBXBuildFile; fileRef = AFB938C41E5B2C0100BA3923 /* amble_iosTests.swift */; };
		AFB938D01E5B2C0100BA3923 /* amble_iosUITests.swift in Sources */ = {isa = PBXBuildFile; fileRef = AFB938CF1E5B2C0100BA3923 /* amble_iosUITests.swift */; };
		AFC3EDE11E927A1100159679 /* Alamofire.framework in Frameworks */ = {isa = PBXBuildFile; fileRef = AFC3EDE01E927A1100159679 /* Alamofire.framework */; };
		AFC3EDE31E927A1600159679 /* SwiftyJSON.framework in Frameworks */ = {isa = PBXBuildFile; fileRef = AFC3EDE21E927A1600159679 /* SwiftyJSON.framework */; };
		AFC3EE0F1E928F6A00159679 /* APIManager.swift in Sources */ = {isa = PBXBuildFile; fileRef = AFC3EE0E1E928F6A00159679 /* APIManager.swift */; };
		AFC3EE131E92995E00159679 /* Router.swift in Sources */ = {isa = PBXBuildFile; fileRef = AFC3EE121E92995E00159679 /* Router.swift */; };
		BABE4E1A858C88B49E23D040 /* Pods_amble_iosTests.framework in Frameworks */ = {isa = PBXBuildFile; fileRef = 198EA19E9C3FB8DC4D152762 /* Pods_amble_iosTests.framework */; };
		DE9F9040BD6A4F2034B3828D /* Pods_amble_ios.framework in Frameworks */ = {isa = PBXBuildFile; fileRef = B58CAFB1B39C8534F0C1919D /* Pods_amble_ios.framework */; };
/* End PBXBuildFile section */

/* Begin PBXContainerItemProxy section */
		AFB938C11E5B2C0100BA3923 /* PBXContainerItemProxy */ = {
			isa = PBXContainerItemProxy;
			containerPortal = AFB938A21E5B2C0000BA3923 /* Project object */;
			proxyType = 1;
			remoteGlobalIDString = AFB938A91E5B2C0000BA3923;
			remoteInfo = "amble-ios";
		};
		AFB938CC1E5B2C0100BA3923 /* PBXContainerItemProxy */ = {
			isa = PBXContainerItemProxy;
			containerPortal = AFB938A21E5B2C0000BA3923 /* Project object */;
			proxyType = 1;
			remoteGlobalIDString = AFB938A91E5B2C0000BA3923;
			remoteInfo = "amble-ios";
		};
/* End PBXContainerItemProxy section */

/* Begin PBXCopyFilesBuildPhase section */
		AFC3EE061E928D8600159679 /* Embed Frameworks */ = {
			isa = PBXCopyFilesBuildPhase;
			buildActionMask = 2147483647;
			dstPath = "";
			dstSubfolderSpec = 10;
			files = (
			);
			name = "Embed Frameworks";
			runOnlyForDeploymentPostprocessing = 0;
		};
/* End PBXCopyFilesBuildPhase section */

/* Begin PBXFileReference section */
		198EA19E9C3FB8DC4D152762 /* Pods_amble_iosTests.framework */ = {isa = PBXFileReference; explicitFileType = wrapper.framework; includeInIndex = 0; path = Pods_amble_iosTests.framework; sourceTree = BUILT_PRODUCTS_DIR; };
		3D39026309A2941CD584AB0A /* Pods-amble-ios.debug.xcconfig */ = {isa = PBXFileReference; includeInIndex = 1; lastKnownFileType = text.xcconfig; name = "Pods-amble-ios.debug.xcconfig"; path = "Pods/Target Support Files/Pods-amble-ios/Pods-amble-ios.debug.xcconfig"; sourceTree = "<group>"; };
		7C1C1F85E095435FDA9C236A /* Pods-amble-ios.release.xcconfig */ = {isa = PBXFileReference; includeInIndex = 1; lastKnownFileType = text.xcconfig; name = "Pods-amble-ios.release.xcconfig"; path = "Pods/Target Support Files/Pods-amble-ios/Pods-amble-ios.release.xcconfig"; sourceTree = "<group>"; };
		8008B78F5C57D21C5B74C754 /* Pods-amble-iosTests.debug.xcconfig */ = {isa = PBXFileReference; includeInIndex = 1; lastKnownFileType = text.xcconfig; name = "Pods-amble-iosTests.debug.xcconfig"; path = "Pods/Target Support Files/Pods-amble-iosTests/Pods-amble-iosTests.debug.xcconfig"; sourceTree = "<group>"; };
		87D2BC0CF3058112E934142B /* Pods-amble-iosTests.release.xcconfig */ = {isa = PBXFileReference; includeInIndex = 1; lastKnownFileType = text.xcconfig; name = "Pods-amble-iosTests.release.xcconfig"; path = "Pods/Target Support Files/Pods-amble-iosTests/Pods-amble-iosTests.release.xcconfig"; sourceTree = "<group>"; };
		9C33EE0FF79A930B6C51BC66 /* Pods-amble-iosUITests.release.xcconfig */ = {isa = PBXFileReference; includeInIndex = 1; lastKnownFileType = text.xcconfig; name = "Pods-amble-iosUITests.release.xcconfig"; path = "Pods/Target Support Files/Pods-amble-iosUITests/Pods-amble-iosUITests.release.xcconfig"; sourceTree = "<group>"; };
		AFB938AA1E5B2C0000BA3923 /* amble-ios.app */ = {isa = PBXFileReference; explicitFileType = wrapper.application; includeInIndex = 0; path = "amble-ios.app"; sourceTree = BUILT_PRODUCTS_DIR; };
		AFB938AD1E5B2C0000BA3923 /* AppDelegate.swift */ = {isa = PBXFileReference; lastKnownFileType = sourcecode.swift; path = AppDelegate.swift; sourceTree = "<group>"; };
		AFB938AF1E5B2C0000BA3923 /* FirstViewController.swift */ = {isa = PBXFileReference; lastKnownFileType = sourcecode.swift; path = FirstViewController.swift; sourceTree = "<group>"; };
		AFB938B11E5B2C0000BA3923 /* SecondViewController.swift */ = {isa = PBXFileReference; lastKnownFileType = sourcecode.swift; path = SecondViewController.swift; sourceTree = "<group>"; };
		AFB938B41E5B2C0000BA3923 /* Base */ = {isa = PBXFileReference; lastKnownFileType = file.storyboard; name = Base; path = Base.lproj/Main.storyboard; sourceTree = "<group>"; };
		AFB938B61E5B2C0100BA3923 /* Assets.xcassets */ = {isa = PBXFileReference; lastKnownFileType = folder.assetcatalog; path = Assets.xcassets; sourceTree = "<group>"; };
		AFB938B91E5B2C0100BA3923 /* Base */ = {isa = PBXFileReference; lastKnownFileType = file.storyboard; name = Base; path = Base.lproj/LaunchScreen.storyboard; sourceTree = "<group>"; };
		AFB938BB1E5B2C0100BA3923 /* Info.plist */ = {isa = PBXFileReference; lastKnownFileType = text.plist.xml; path = Info.plist; sourceTree = "<group>"; };
		AFB938C01E5B2C0100BA3923 /* amble-iosTests.xctest */ = {isa = PBXFileReference; explicitFileType = wrapper.cfbundle; includeInIndex = 0; path = "amble-iosTests.xctest"; sourceTree = BUILT_PRODUCTS_DIR; };
		AFB938C41E5B2C0100BA3923 /* amble_iosTests.swift */ = {isa = PBXFileReference; lastKnownFileType = sourcecode.swift; path = amble_iosTests.swift; sourceTree = "<group>"; };
		AFB938C61E5B2C0100BA3923 /* Info.plist */ = {isa = PBXFileReference; lastKnownFileType = text.plist.xml; path = Info.plist; sourceTree = "<group>"; };
		AFB938CB1E5B2C0100BA3923 /* amble-iosUITests.xctest */ = {isa = PBXFileReference; explicitFileType = wrapper.cfbundle; includeInIndex = 0; path = "amble-iosUITests.xctest"; sourceTree = BUILT_PRODUCTS_DIR; };
		AFB938CF1E5B2C0100BA3923 /* amble_iosUITests.swift */ = {isa = PBXFileReference; lastKnownFileType = sourcecode.swift; path = amble_iosUITests.swift; sourceTree = "<group>"; };
		AFB938D11E5B2C0100BA3923 /* Info.plist */ = {isa = PBXFileReference; lastKnownFileType = text.plist.xml; path = Info.plist; sourceTree = "<group>"; };
		AFC3EDE01E927A1100159679 /* Alamofire.framework */ = {isa = PBXFileReference; lastKnownFileType = wrapper.framework; name = Alamofire.framework; path = "../../../../../Library/Developer/Xcode/DerivedData/amble-ios-duvhxqoqscperhekbelpwlhfjuzr/Build/Products/Debug-iphonesimulator/Alamofire/Alamofire.framework"; sourceTree = "<group>"; };
		AFC3EDE21E927A1600159679 /* SwiftyJSON.framework */ = {isa = PBXFileReference; lastKnownFileType = wrapper.framework; name = SwiftyJSON.framework; path = "../../../../../Library/Developer/Xcode/DerivedData/amble-ios-duvhxqoqscperhekbelpwlhfjuzr/Build/Products/Debug-iphonesimulator/SwiftyJSON/SwiftyJSON.framework"; sourceTree = "<group>"; };
		AFC3EE0E1E928F6A00159679 /* APIManager.swift */ = {isa = PBXFileReference; fileEncoding = 4; lastKnownFileType = sourcecode.swift; path = APIManager.swift; sourceTree = "<group>"; };
		AFC3EE121E92995E00159679 /* Router.swift */ = {isa = PBXFileReference; fileEncoding = 4; lastKnownFileType = sourcecode.swift; name = Router.swift; path = Router/Router.swift; sourceTree = "<group>"; };
		B58CAFB1B39C8534F0C1919D /* Pods_amble_ios.framework */ = {isa = PBXFileReference; explicitFileType = wrapper.framework; includeInIndex = 0; path = Pods_amble_ios.framework; sourceTree = BUILT_PRODUCTS_DIR; };
		EA3AAFCA03C42F025ED91D63 /* Pods-amble-iosUITests.debug.xcconfig */ = {isa = PBXFileReference; includeInIndex = 1; lastKnownFileType = text.xcconfig; name = "Pods-amble-iosUITests.debug.xcconfig"; path = "Pods/Target Support Files/Pods-amble-iosUITests/Pods-amble-iosUITests.debug.xcconfig"; sourceTree = "<group>"; };
		FB1E6A936296F9D7F4B87E02 /* Pods_amble_iosUITests.framework */ = {isa = PBXFileReference; explicitFileType = wrapper.framework; includeInIndex = 0; path = Pods_amble_iosUITests.framework; sourceTree = BUILT_PRODUCTS_DIR; };
/* End PBXFileReference section */

/* Begin PBXFrameworksBuildPhase section */
		AFB938A71E5B2C0000BA3923 /* Frameworks */ = {
			isa = PBXFrameworksBuildPhase;
			buildActionMask = 2147483647;
			files = (
				AFC3EDE31E927A1600159679 /* SwiftyJSON.framework in Frameworks */,
				AFC3EDE11E927A1100159679 /* Alamofire.framework in Frameworks */,
				DE9F9040BD6A4F2034B3828D /* Pods_amble_ios.framework in Frameworks */,
			);
			runOnlyForDeploymentPostprocessing = 0;
		};
		AFB938BD1E5B2C0100BA3923 /* Frameworks */ = {
			isa = PBXFrameworksBuildPhase;
			buildActionMask = 2147483647;
			files = (
				BABE4E1A858C88B49E23D040 /* Pods_amble_iosTests.framework in Frameworks */,
			);
			runOnlyForDeploymentPostprocessing = 0;
		};
		AFB938C81E5B2C0100BA3923 /* Frameworks */ = {
			isa = PBXFrameworksBuildPhase;
			buildActionMask = 2147483647;
			files = (
				A451CC2E52FC12A3D87D96B6 /* Pods_amble_iosUITests.framework in Frameworks */,
			);
			runOnlyForDeploymentPostprocessing = 0;
		};
/* End PBXFrameworksBuildPhase section */

/* Begin PBXGroup section */
		4A60990461250D669FF0785A /* Pods */ = {
			isa = PBXGroup;
			children = (
				3D39026309A2941CD584AB0A /* Pods-amble-ios.debug.xcconfig */,
				7C1C1F85E095435FDA9C236A /* Pods-amble-ios.release.xcconfig */,
				8008B78F5C57D21C5B74C754 /* Pods-amble-iosTests.debug.xcconfig */,
				87D2BC0CF3058112E934142B /* Pods-amble-iosTests.release.xcconfig */,
				EA3AAFCA03C42F025ED91D63 /* Pods-amble-iosUITests.debug.xcconfig */,
				9C33EE0FF79A930B6C51BC66 /* Pods-amble-iosUITests.release.xcconfig */,
			);
			name = Pods;
			sourceTree = "<group>";
		};
		AFB938A11E5B2C0000BA3923 = {
			isa = PBXGroup;
			children = (
				AFB938AC1E5B2C0000BA3923 /* amble-ios */,
				AFB938C31E5B2C0100BA3923 /* amble-iosTests */,
				AFB938CE1E5B2C0100BA3923 /* amble-iosUITests */,
				C94B737784ECBF4FA5B8F120 /* Frameworks */,
				4A60990461250D669FF0785A /* Pods */,
				AFB938AB1E5B2C0000BA3923 /* Products */,
			);
			sourceTree = "<group>";
		};
		AFB938AB1E5B2C0000BA3923 /* Products */ = {
			isa = PBXGroup;
			children = (
				AFB938AA1E5B2C0000BA3923 /* amble-ios.app */,
				AFB938C01E5B2C0100BA3923 /* amble-iosTests.xctest */,
				AFB938CB1E5B2C0100BA3923 /* amble-iosUITests.xctest */,
			);
			name = Products;
			sourceTree = "<group>";
		};
		AFB938AC1E5B2C0000BA3923 /* amble-ios */ = {
			isa = PBXGroup;
			children = (
				AFC3EE0D1E928F5400159679 /* APIManager */,
				AFB938AD1E5B2C0000BA3923 /* AppDelegate.swift */,
				AFB938B61E5B2C0100BA3923 /* Assets.xcassets */,
				AFB938AF1E5B2C0000BA3923 /* FirstViewController.swift */,
				AFB938BB1E5B2C0100BA3923 /* Info.plist */,
				AFB938B81E5B2C0100BA3923 /* LaunchScreen.storyboard */,
				AFB938B31E5B2C0000BA3923 /* Main.storyboard */,
				AFB938B11E5B2C0000BA3923 /* SecondViewController.swift */,
			);
			path = "amble-ios";
			sourceTree = "<group>";
		};
		AFB938C31E5B2C0100BA3923 /* amble-iosTests */ = {
			isa = PBXGroup;
			children = (
				AFB938C61E5B2C0100BA3923 /* Info.plist */,
				AFB938C41E5B2C0100BA3923 /* amble_iosTests.swift */,
			);
			path = "amble-iosTests";
			sourceTree = "<group>";
		};
		AFB938CE1E5B2C0100BA3923 /* amble-iosUITests */ = {
			isa = PBXGroup;
			children = (
				AFB938D11E5B2C0100BA3923 /* Info.plist */,
				AFB938CF1E5B2C0100BA3923 /* amble_iosUITests.swift */,
			);
			path = "amble-iosUITests";
			sourceTree = "<group>";
		};
		AFC3EE0D1E928F5400159679 /* APIManager */ = {
			isa = PBXGroup;
			children = (
				AFC3EE0E1E928F6A00159679 /* APIManager.swift */,
				AFC3EE101E9298AD00159679 /* Router */,
			);
			path = APIManager;
			sourceTree = "<group>";
		};
		AFC3EE101E9298AD00159679 /* Router */ = {
			isa = PBXGroup;
			children = (
				AFC3EE121E92995E00159679 /* Router.swift */,
			);
			name = Router;
			sourceTree = "<group>";
		};
		C94B737784ECBF4FA5B8F120 /* Frameworks */ = {
			isa = PBXGroup;
			children = (
				AFC3EDE21E927A1600159679 /* SwiftyJSON.framework */,
				AFC3EDE01E927A1100159679 /* Alamofire.framework */,
				B58CAFB1B39C8534F0C1919D /* Pods_amble_ios.framework */,
				198EA19E9C3FB8DC4D152762 /* Pods_amble_iosTests.framework */,
				FB1E6A936296F9D7F4B87E02 /* Pods_amble_iosUITests.framework */,
			);
			name = Frameworks;
			sourceTree = "<group>";
		};
/* End PBXGroup section */

/* Begin PBXNativeTarget section */
		AFB938A91E5B2C0000BA3923 /* amble-ios */ = {
			isa = PBXNativeTarget;
			buildConfigurationList = AFB938D41E5B2C0100BA3923 /* Build configuration list for PBXNativeTarget "amble-ios" */;
			buildPhases = (
				E1BEAEAA9DC52AC29FE7F295 /* [CP] Check Pods Manifest.lock */,
				AFB938A61E5B2C0000BA3923 /* Sources */,
				AFB938A71E5B2C0000BA3923 /* Frameworks */,
				AFB938A81E5B2C0000BA3923 /* Resources */,
				6184450DEE754D875A03138A /* [CP] Embed Pods Frameworks */,
				DBA7A0A7973AA01091C24520 /* [CP] Copy Pods Resources */,
				AFC3EE061E928D8600159679 /* Embed Frameworks */,
			);
			buildRules = (
			);
			dependencies = (
			);
			name = "amble-ios";
			productName = "amble-ios";
			productReference = AFB938AA1E5B2C0000BA3923 /* amble-ios.app */;
			productType = "com.apple.product-type.application";
		};
		AFB938BF1E5B2C0100BA3923 /* amble-iosTests */ = {
			isa = PBXNativeTarget;
			buildConfigurationList = AFB938D71E5B2C0100BA3923 /* Build configuration list for PBXNativeTarget "amble-iosTests" */;
			buildPhases = (
				33CD139F940073ECF4BA1C8C /* [CP] Check Pods Manifest.lock */,
				AFB938BC1E5B2C0100BA3923 /* Sources */,
				AFB938BD1E5B2C0100BA3923 /* Frameworks */,
				AFB938BE1E5B2C0100BA3923 /* Resources */,
				A5B1C13A1E339CCDBBCEF1B4 /* [CP] Embed Pods Frameworks */,
				6DA674622DE0BEF2BBC17AF6 /* [CP] Copy Pods Resources */,
			);
			buildRules = (
			);
			dependencies = (
				AFB938C21E5B2C0100BA3923 /* PBXTargetDependency */,
			);
			name = "amble-iosTests";
			productName = "amble-iosTests";
			productReference = AFB938C01E5B2C0100BA3923 /* amble-iosTests.xctest */;
			productType = "com.apple.product-type.bundle.unit-test";
		};
		AFB938CA1E5B2C0100BA3923 /* amble-iosUITests */ = {
			isa = PBXNativeTarget;
			buildConfigurationList = AFB938DA1E5B2C0100BA3923 /* Build configuration list for PBXNativeTarget "amble-iosUITests" */;
			buildPhases = (
				01111BEE2F8F9DCF3BFBA5C3 /* [CP] Check Pods Manifest.lock */,
				AFB938C71E5B2C0100BA3923 /* Sources */,
				AFB938C81E5B2C0100BA3923 /* Frameworks */,
				AFB938C91E5B2C0100BA3923 /* Resources */,
				3A257B13A065B0362FF0500D /* [CP] Embed Pods Frameworks */,
				069700A11620C6642B038090 /* [CP] Copy Pods Resources */,
			);
			buildRules = (
			);
			dependencies = (
				AFB938CD1E5B2C0100BA3923 /* PBXTargetDependency */,
			);
			name = "amble-iosUITests";
			productName = "amble-iosUITests";
			productReference = AFB938CB1E5B2C0100BA3923 /* amble-iosUITests.xctest */;
			productType = "com.apple.product-type.bundle.ui-testing";
		};
/* End PBXNativeTarget section */

/* Begin PBXProject section */
		AFB938A21E5B2C0000BA3923 /* Project object */ = {
			isa = PBXProject;
			attributes = {
				LastSwiftUpdateCheck = 0820;
				LastUpgradeCheck = 0820;
				ORGANIZATIONNAME = "Jonathan Muller";
				TargetAttributes = {
					AFB938A91E5B2C0000BA3923 = {
						CreatedOnToolsVersion = 8.2.1;
						DevelopmentTeam = QJQGH9NF7F;
						ProvisioningStyle = Automatic;
					};
					AFB938BF1E5B2C0100BA3923 = {
						CreatedOnToolsVersion = 8.2.1;
						DevelopmentTeam = QJQGH9NF7F;
						ProvisioningStyle = Automatic;
						TestTargetID = AFB938A91E5B2C0000BA3923;
					};
					AFB938CA1E5B2C0100BA3923 = {
						CreatedOnToolsVersion = 8.2.1;
						DevelopmentTeam = QJQGH9NF7F;
						ProvisioningStyle = Automatic;
						TestTargetID = AFB938A91E5B2C0000BA3923;
					};
				};
			};
			buildConfigurationList = AFB938A51E5B2C0000BA3923 /* Build configuration list for PBXProject "amble-ios" */;
			compatibilityVersion = "Xcode 3.2";
			developmentRegion = English;
			hasScannedForEncodings = 0;
			knownRegions = (
				en,
				Base,
			);
			mainGroup = AFB938A11E5B2C0000BA3923;
			productRefGroup = AFB938AB1E5B2C0000BA3923 /* Products */;
			projectDirPath = "";
			projectRoot = "";
			targets = (
				AFB938A91E5B2C0000BA3923 /* amble-ios */,
				AFB938BF1E5B2C0100BA3923 /* amble-iosTests */,
				AFB938CA1E5B2C0100BA3923 /* amble-iosUITests */,
			);
		};
/* End PBXProject section */

/* Begin PBXResourcesBuildPhase section */
		AFB938A81E5B2C0000BA3923 /* Resources */ = {
			isa = PBXResourcesBuildPhase;
			buildActionMask = 2147483647;
			files = (
				AFB938BA1E5B2C0100BA3923 /* LaunchScreen.storyboard in Resources */,
				AFB938B71E5B2C0100BA3923 /* Assets.xcassets in Resources */,
				AFB938B51E5B2C0000BA3923 /* Main.storyboard in Resources */,
			);
			runOnlyForDeploymentPostprocessing = 0;
		};
		AFB938BE1E5B2C0100BA3923 /* Resources */ = {
			isa = PBXResourcesBuildPhase;
			buildActionMask = 2147483647;
			files = (
			);
			runOnlyForDeploymentPostprocessing = 0;
		};
		AFB938C91E5B2C0100BA3923 /* Resources */ = {
			isa = PBXResourcesBuildPhase;
			buildActionMask = 2147483647;
			files = (
			);
			runOnlyForDeploymentPostprocessing = 0;
		};
/* End PBXResourcesBuildPhase section */

/* Begin PBXShellScriptBuildPhase section */
		01111BEE2F8F9DCF3BFBA5C3 /* [CP] Check Pods Manifest.lock */ = {
			isa = PBXShellScriptBuildPhase;
			buildActionMask = 2147483647;
			files = (
			);
			inputPaths = (
			);
			name = "[CP] Check Pods Manifest.lock";
			outputPaths = (
			);
			runOnlyForDeploymentPostprocessing = 0;
			shellPath = /bin/sh;
			shellScript = "diff \"${PODS_ROOT}/../Podfile.lock\" \"${PODS_ROOT}/Manifest.lock\" > /dev/null\nif [ $? != 0 ] ; then\n    # print error to STDERR\n    echo \"error: The sandbox is not in sync with the Podfile.lock. Run 'pod install' or update your CocoaPods installation.\" >&2\n    exit 1\nfi\n";
			showEnvVarsInLog = 0;
		};
		069700A11620C6642B038090 /* [CP] Copy Pods Resources */ = {
			isa = PBXShellScriptBuildPhase;
			buildActionMask = 2147483647;
			files = (
			);
			inputPaths = (
			);
			name = "[CP] Copy Pods Resources";
			outputPaths = (
			);
			runOnlyForDeploymentPostprocessing = 0;
			shellPath = /bin/sh;
			shellScript = "\"${SRCROOT}/Pods/Target Support Files/Pods-amble-iosUITests/Pods-amble-iosUITests-resources.sh\"\n";
			showEnvVarsInLog = 0;
		};
		33CD139F940073ECF4BA1C8C /* [CP] Check Pods Manifest.lock */ = {
			isa = PBXShellScriptBuildPhase;
			buildActionMask = 2147483647;
			files = (
			);
			inputPaths = (
			);
			name = "[CP] Check Pods Manifest.lock";
			outputPaths = (
			);
			runOnlyForDeploymentPostprocessing = 0;
			shellPath = /bin/sh;
			shellScript = "diff \"${PODS_ROOT}/../Podfile.lock\" \"${PODS_ROOT}/Manifest.lock\" > /dev/null\nif [ $? != 0 ] ; then\n    # print error to STDERR\n    echo \"error: The sandbox is not in sync with the Podfile.lock. Run 'pod install' or update your CocoaPods installation.\" >&2\n    exit 1\nfi\n";
			showEnvVarsInLog = 0;
		};
		3A257B13A065B0362FF0500D /* [CP] Embed Pods Frameworks */ = {
			isa = PBXShellScriptBuildPhase;
			buildActionMask = 2147483647;
			files = (
			);
			inputPaths = (
			);
			name = "[CP] Embed Pods Frameworks";
			outputPaths = (
			);
			runOnlyForDeploymentPostprocessing = 0;
			shellPath = /bin/sh;
			shellScript = "\"${SRCROOT}/Pods/Target Support Files/Pods-amble-iosUITests/Pods-amble-iosUITests-frameworks.sh\"\n";
			showEnvVarsInLog = 0;
		};
		6184450DEE754D875A03138A /* [CP] Embed Pods Frameworks */ = {
			isa = PBXShellScriptBuildPhase;
			buildActionMask = 2147483647;
			files = (
			);
			inputPaths = (
			);
			name = "[CP] Embed Pods Frameworks";
			outputPaths = (
			);
			runOnlyForDeploymentPostprocessing = 0;
			shellPath = /bin/sh;
			shellScript = "\"${SRCROOT}/Pods/Target Support Files/Pods-amble-ios/Pods-amble-ios-frameworks.sh\"\n";
			showEnvVarsInLog = 0;
		};
		6DA674622DE0BEF2BBC17AF6 /* [CP] Copy Pods Resources */ = {
			isa = PBXShellScriptBuildPhase;
			buildActionMask = 2147483647;
			files = (
			);
			inputPaths = (
			);
			name = "[CP] Copy Pods Resources";
			outputPaths = (
			);
			runOnlyForDeploymentPostprocessing = 0;
			shellPath = /bin/sh;
			shellScript = "\"${SRCROOT}/Pods/Target Support Files/Pods-amble-iosTests/Pods-amble-iosTests-resources.sh\"\n";
			showEnvVarsInLog = 0;
		};
		A5B1C13A1E339CCDBBCEF1B4 /* [CP] Embed Pods Frameworks */ = {
			isa = PBXShellScriptBuildPhase;
			buildActionMask = 2147483647;
			files = (
			);
			inputPaths = (
			);
			name = "[CP] Embed Pods Frameworks";
			outputPaths = (
			);
			runOnlyForDeploymentPostprocessing = 0;
			shellPath = /bin/sh;
			shellScript = "\"${SRCROOT}/Pods/Target Support Files/Pods-amble-iosTests/Pods-amble-iosTests-frameworks.sh\"\n";
			showEnvVarsInLog = 0;
		};
		DBA7A0A7973AA01091C24520 /* [CP] Copy Pods Resources */ = {
			isa = PBXShellScriptBuildPhase;
			buildActionMask = 2147483647;
			files = (
			);
			inputPaths = (
			);
			name = "[CP] Copy Pods Resources";
			outputPaths = (
			);
			runOnlyForDeploymentPostprocessing = 0;
			shellPath = /bin/sh;
			shellScript = "\"${SRCROOT}/Pods/Target Support Files/Pods-amble-ios/Pods-amble-ios-resources.sh\"\n";
			showEnvVarsInLog = 0;
		};
		E1BEAEAA9DC52AC29FE7F295 /* [CP] Check Pods Manifest.lock */ = {
			isa = PBXShellScriptBuildPhase;
			buildActionMask = 2147483647;
			files = (
			);
			inputPaths = (
			);
			name = "[CP] Check Pods Manifest.lock";
			outputPaths = (
			);
			runOnlyForDeploymentPostprocessing = 0;
			shellPath = /bin/sh;
			shellScript = "diff \"${PODS_ROOT}/../Podfile.lock\" \"${PODS_ROOT}/Manifest.lock\" > /dev/null\nif [ $? != 0 ] ; then\n    # print error to STDERR\n    echo \"error: The sandbox is not in sync with the Podfile.lock. Run 'pod install' or update your CocoaPods installation.\" >&2\n    exit 1\nfi\n";
			showEnvVarsInLog = 0;
		};
/* End PBXShellScriptBuildPhase section */

/* Begin PBXSourcesBuildPhase section */
		AFB938A61E5B2C0000BA3923 /* Sources */ = {
			isa = PBXSourcesBuildPhase;
			buildActionMask = 2147483647;
			files = (
				AFC3EE0F1E928F6A00159679 /* APIManager.swift in Sources */,
				AFB938B21E5B2C0000BA3923 /* SecondViewController.swift in Sources */,
				AFC3EE131E92995E00159679 /* Router.swift in Sources */,
				AFB938AE1E5B2C0000BA3923 /* AppDelegate.swift in Sources */,
				AFB938B01E5B2C0000BA3923 /* FirstViewController.swift in Sources */,
			);
			runOnlyForDeploymentPostprocessing = 0;
		};
		AFB938BC1E5B2C0100BA3923 /* Sources */ = {
			isa = PBXSourcesBuildPhase;
			buildActionMask = 2147483647;
			files = (
				AFB938C51E5B2C0100BA3923 /* amble_iosTests.swift in Sources */,
			);
			runOnlyForDeploymentPostprocessing = 0;
		};
		AFB938C71E5B2C0100BA3923 /* Sources */ = {
			isa = PBXSourcesBuildPhase;
			buildActionMask = 2147483647;
			files = (
				AFB938D01E5B2C0100BA3923 /* amble_iosUITests.swift in Sources */,
			);
			runOnlyForDeploymentPostprocessing = 0;
		};
/* End PBXSourcesBuildPhase section */

/* Begin PBXTargetDependency section */
		AFB938C21E5B2C0100BA3923 /* PBXTargetDependency */ = {
			isa = PBXTargetDependency;
			target = AFB938A91E5B2C0000BA3923 /* amble-ios */;
			targetProxy = AFB938C11E5B2C0100BA3923 /* PBXContainerItemProxy */;
		};
		AFB938CD1E5B2C0100BA3923 /* PBXTargetDependency */ = {
			isa = PBXTargetDependency;
			target = AFB938A91E5B2C0000BA3923 /* amble-ios */;
			targetProxy = AFB938CC1E5B2C0100BA3923 /* PBXContainerItemProxy */;
		};
/* End PBXTargetDependency section */

/* Begin PBXVariantGroup section */
		AFB938B31E5B2C0000BA3923 /* Main.storyboard */ = {
			isa = PBXVariantGroup;
			children = (
				AFB938B41E5B2C0000BA3923 /* Base */,
			);
			name = Main.storyboard;
			path = .;
			sourceTree = "<group>";
		};
		AFB938B81E5B2C0100BA3923 /* LaunchScreen.storyboard */ = {
			isa = PBXVariantGroup;
			children = (
				AFB938B91E5B2C0100BA3923 /* Base */,
			);
			name = LaunchScreen.storyboard;
			path = .;
			sourceTree = "<group>";
		};
/* End PBXVariantGroup section */

/* Begin XCBuildConfiguration section */
		AFB938D21E5B2C0100BA3923 /* Debug */ = {
			isa = XCBuildConfiguration;
			buildSettings = {
				ALWAYS_SEARCH_USER_PATHS = NO;
				CLANG_ANALYZER_NONNULL = YES;
				CLANG_CXX_LANGUAGE_STANDARD = "gnu++0x";
				CLANG_CXX_LIBRARY = "libc++";
				CLANG_ENABLE_MODULES = YES;
				CLANG_ENABLE_OBJC_ARC = YES;
				CLANG_WARN_BOOL_CONVERSION = YES;
				CLANG_WARN_CONSTANT_CONVERSION = YES;
				CLANG_WARN_DIRECT_OBJC_ISA_USAGE = YES_ERROR;
				CLANG_WARN_DOCUMENTATION_COMMENTS = YES;
				CLANG_WARN_EMPTY_BODY = YES;
				CLANG_WARN_ENUM_CONVERSION = YES;
				CLANG_WARN_INFINITE_RECURSION = YES;
				CLANG_WARN_INT_CONVERSION = YES;
				CLANG_WARN_OBJC_ROOT_CLASS = YES_ERROR;
				CLANG_WARN_SUSPICIOUS_MOVE = YES;
				CLANG_WARN_UNREACHABLE_CODE = YES;
				CLANG_WARN__DUPLICATE_METHOD_MATCH = YES;
				"CODE_SIGN_IDENTITY[sdk=iphoneos*]" = "iPhone Developer";
				COPY_PHASE_STRIP = NO;
				DEBUG_INFORMATION_FORMAT = dwarf;
				ENABLE_STRICT_OBJC_MSGSEND = YES;
				ENABLE_TESTABILITY = YES;
				GCC_C_LANGUAGE_STANDARD = gnu99;
				GCC_DYNAMIC_NO_PIC = NO;
				GCC_NO_COMMON_BLOCKS = YES;
				GCC_OPTIMIZATION_LEVEL = 0;
				GCC_PREPROCESSOR_DEFINITIONS = (
					"DEBUG=1",
					"$(inherited)",
				);
				GCC_WARN_64_TO_32_BIT_CONVERSION = YES;
				GCC_WARN_ABOUT_RETURN_TYPE = YES_ERROR;
				GCC_WARN_UNDECLARED_SELECTOR = YES;
				GCC_WARN_UNINITIALIZED_AUTOS = YES_AGGRESSIVE;
				GCC_WARN_UNUSED_FUNCTION = YES;
				GCC_WARN_UNUSED_VARIABLE = YES;
				IPHONEOS_DEPLOYMENT_TARGET = 10.2;
				MTL_ENABLE_DEBUG_INFO = YES;
				ONLY_ACTIVE_ARCH = YES;
				SDKROOT = iphoneos;
				SWIFT_ACTIVE_COMPILATION_CONDITIONS = DEBUG;
				SWIFT_OPTIMIZATION_LEVEL = "-Onone";
				TARGETED_DEVICE_FAMILY = "1,2";
			};
			name = Debug;
		};
		AFB938D31E5B2C0100BA3923 /* Release */ = {
			isa = XCBuildConfiguration;
			buildSettings = {
				ALWAYS_SEARCH_USER_PATHS = NO;
				CLANG_ANALYZER_NONNULL = YES;
				CLANG_CXX_LANGUAGE_STANDARD = "gnu++0x";
				CLANG_CXX_LIBRARY = "libc++";
				CLANG_ENABLE_MODULES = YES;
				CLANG_ENABLE_OBJC_ARC = YES;
				CLANG_WARN_BOOL_CONVERSION = YES;
				CLANG_WARN_CONSTANT_CONVERSION = YES;
				CLANG_WARN_DIRECT_OBJC_ISA_USAGE = YES_ERROR;
				CLANG_WARN_DOCUMENTATION_COMMENTS = YES;
				CLANG_WARN_EMPTY_BODY = YES;
				CLANG_WARN_ENUM_CONVERSION = YES;
				CLANG_WARN_INFINITE_RECURSION = YES;
				CLANG_WARN_INT_CONVERSION = YES;
				CLANG_WARN_OBJC_ROOT_CLASS = YES_ERROR;
				CLANG_WARN_SUSPICIOUS_MOVE = YES;
				CLANG_WARN_UNREACHABLE_CODE = YES;
				CLANG_WARN__DUPLICATE_METHOD_MATCH = YES;
				"CODE_SIGN_IDENTITY[sdk=iphoneos*]" = "iPhone Developer";
				COPY_PHASE_STRIP = NO;
				DEBUG_INFORMATION_FORMAT = "dwarf-with-dsym";
				ENABLE_NS_ASSERTIONS = NO;
				ENABLE_STRICT_OBJC_MSGSEND = YES;
				GCC_C_LANGUAGE_STANDARD = gnu99;
				GCC_NO_COMMON_BLOCKS = YES;
				GCC_WARN_64_TO_32_BIT_CONVERSION = YES;
				GCC_WARN_ABOUT_RETURN_TYPE = YES_ERROR;
				GCC_WARN_UNDECLARED_SELECTOR = YES;
				GCC_WARN_UNINITIALIZED_AUTOS = YES_AGGRESSIVE;
				GCC_WARN_UNUSED_FUNCTION = YES;
				GCC_WARN_UNUSED_VARIABLE = YES;
				IPHONEOS_DEPLOYMENT_TARGET = 10.2;
				MTL_ENABLE_DEBUG_INFO = NO;
				SDKROOT = iphoneos;
				SWIFT_OPTIMIZATION_LEVEL = "-Owholemodule";
				TARGETED_DEVICE_FAMILY = "1,2";
				VALIDATE_PRODUCT = YES;
			};
			name = Release;
		};
		AFB938D51E5B2C0100BA3923 /* Debug */ = {
			isa = XCBuildConfiguration;
			baseConfigurationReference = 3D39026309A2941CD584AB0A /* Pods-amble-ios.debug.xcconfig */;
			buildSettings = {
				ASSETCATALOG_COMPILER_APPICON_NAME = AppIcon;
				DEVELOPMENT_TEAM = QJQGH9NF7F;
				INFOPLIST_FILE = "amble-ios/Info.plist";
				LD_RUNPATH_SEARCH_PATHS = "$(inherited) @executable_path/Frameworks";
				PRODUCT_BUNDLE_IDENTIFIER = "jonomuller.amble-ios";
				PRODUCT_NAME = "$(TARGET_NAME)";
				SWIFT_VERSION = 3.0;
			};
			name = Debug;
		};
		AFB938D61E5B2C0100BA3923 /* Release */ = {
			isa = XCBuildConfiguration;
			baseConfigurationReference = 7C1C1F85E095435FDA9C236A /* Pods-amble-ios.release.xcconfig */;
			buildSettings = {
				ASSETCATALOG_COMPILER_APPICON_NAME = AppIcon;
				DEVELOPMENT_TEAM = QJQGH9NF7F;
				INFOPLIST_FILE = "amble-ios/Info.plist";
				LD_RUNPATH_SEARCH_PATHS = "$(inherited) @executable_path/Frameworks";
				PRODUCT_BUNDLE_IDENTIFIER = "jonomuller.amble-ios";
				PRODUCT_NAME = "$(TARGET_NAME)";
				SWIFT_VERSION = 3.0;
			};
			name = Release;
		};
		AFB938D81E5B2C0100BA3923 /* Debug */ = {
			isa = XCBuildConfiguration;
			baseConfigurationReference = 8008B78F5C57D21C5B74C754 /* Pods-amble-iosTests.debug.xcconfig */;
			buildSettings = {
				ALWAYS_EMBED_SWIFT_STANDARD_LIBRARIES = YES;
				BUNDLE_LOADER = "$(TEST_HOST)";
				DEVELOPMENT_TEAM = QJQGH9NF7F;
				INFOPLIST_FILE = "amble-iosTests/Info.plist";
				LD_RUNPATH_SEARCH_PATHS = "$(inherited) @executable_path/Frameworks @loader_path/Frameworks";
				PRODUCT_BUNDLE_IDENTIFIER = "jonomuller.amble-iosTests";
				PRODUCT_NAME = "$(TARGET_NAME)";
				SWIFT_VERSION = 3.0;
				TEST_HOST = "$(BUILT_PRODUCTS_DIR)/amble-ios.app/amble-ios";
			};
			name = Debug;
		};
		AFB938D91E5B2C0100BA3923 /* Release */ = {
			isa = XCBuildConfiguration;
			baseConfigurationReference = 87D2BC0CF3058112E934142B /* Pods-amble-iosTests.release.xcconfig */;
			buildSettings = {
				ALWAYS_EMBED_SWIFT_STANDARD_LIBRARIES = YES;
				BUNDLE_LOADER = "$(TEST_HOST)";
				DEVELOPMENT_TEAM = QJQGH9NF7F;
				INFOPLIST_FILE = "amble-iosTests/Info.plist";
				LD_RUNPATH_SEARCH_PATHS = "$(inherited) @executable_path/Frameworks @loader_path/Frameworks";
				PRODUCT_BUNDLE_IDENTIFIER = "jonomuller.amble-iosTests";
				PRODUCT_NAME = "$(TARGET_NAME)";
				SWIFT_VERSION = 3.0;
				TEST_HOST = "$(BUILT_PRODUCTS_DIR)/amble-ios.app/amble-ios";
			};
			name = Release;
		};
		AFB938DB1E5B2C0100BA3923 /* Debug */ = {
			isa = XCBuildConfiguration;
			baseConfigurationReference = EA3AAFCA03C42F025ED91D63 /* Pods-amble-iosUITests.debug.xcconfig */;
			buildSettings = {
				ALWAYS_EMBED_SWIFT_STANDARD_LIBRARIES = YES;
				DEVELOPMENT_TEAM = QJQGH9NF7F;
				INFOPLIST_FILE = "amble-iosUITests/Info.plist";
				LD_RUNPATH_SEARCH_PATHS = "$(inherited) @executable_path/Frameworks @loader_path/Frameworks";
				PRODUCT_BUNDLE_IDENTIFIER = "jonomuller.amble-iosUITests";
				PRODUCT_NAME = "$(TARGET_NAME)";
				SWIFT_VERSION = 3.0;
				TEST_TARGET_NAME = "amble-ios";
			};
			name = Debug;
		};
		AFB938DC1E5B2C0100BA3923 /* Release */ = {
			isa = XCBuildConfiguration;
			baseConfigurationReference = 9C33EE0FF79A930B6C51BC66 /* Pods-amble-iosUITests.release.xcconfig */;
			buildSettings = {
				ALWAYS_EMBED_SWIFT_STANDARD_LIBRARIES = YES;
				DEVELOPMENT_TEAM = QJQGH9NF7F;
				INFOPLIST_FILE = "amble-iosUITests/Info.plist";
				LD_RUNPATH_SEARCH_PATHS = "$(inherited) @executable_path/Frameworks @loader_path/Frameworks";
				PRODUCT_BUNDLE_IDENTIFIER = "jonomuller.amble-iosUITests";
				PRODUCT_NAME = "$(TARGET_NAME)";
				SWIFT_VERSION = 3.0;
				TEST_TARGET_NAME = "amble-ios";
			};
			name = Release;
		};
/* End XCBuildConfiguration section */

/* Begin XCConfigurationList section */
		AFB938A51E5B2C0000BA3923 /* Build configuration list for PBXProject "amble-ios" */ = {
			isa = XCConfigurationList;
			buildConfigurations = (
				AFB938D21E5B2C0100BA3923 /* Debug */,
				AFB938D31E5B2C0100BA3923 /* Release */,
			);
			defaultConfigurationIsVisible = 0;
			defaultConfigurationName = Release;
		};
		AFB938D41E5B2C0100BA3923 /* Build configuration list for PBXNativeTarget "amble-ios" */ = {
			isa = XCConfigurationList;
			buildConfigurations = (
				AFB938D51E5B2C0100BA3923 /* Debug */,
				AFB938D61E5B2C0100BA3923 /* Release */,
			);
			defaultConfigurationIsVisible = 0;
			defaultConfigurationName = Release;
		};
		AFB938D71E5B2C0100BA3923 /* Build configuration list for PBXNativeTarget "amble-iosTests" */ = {
			isa = XCConfigurationList;
			buildConfigurations = (
				AFB938D81E5B2C0100BA3923 /* Debug */,
				AFB938D91E5B2C0100BA3923 /* Release */,
			);
			defaultConfigurationIsVisible = 0;
			defaultConfigurationName = Release;
		};
		AFB938DA1E5B2C0100BA3923 /* Build configuration list for PBXNativeTarget "amble-iosUITests" */ = {
			isa = XCConfigurationList;
			buildConfigurations = (
				AFB938DB1E5B2C0100BA3923 /* Debug */,
				AFB938DC1E5B2C0100BA3923 /* Release */,
			);
			defaultConfigurationIsVisible = 0;
			defaultConfigurationName = Release;
		};
/* End XCConfigurationList section */
	};
	rootObject = AFB938A21E5B2C0000BA3923 /* Project object */;
}
