// !$*UTF8*$!
{
	archiveVersion = 1;
	classes = {
	};
	objectVersion = 46;
	objects = {

/* Begin PBXBuildFile section */
		0C9E13C997DFEEA29558749A /* Pods_AmbleTests.framework in Frameworks */ = {isa = PBXBuildFile; fileRef = 5C9B1C67E08B6DADBA77E2FF /* Pods_AmbleTests.framework */; };
		9F8A3D78E32F7EDAC3087EA0 /* Pods_Amble.framework in Frameworks */ = {isa = PBXBuildFile; fileRef = D84250B2A0DA6EF4426313C1 /* Pods_Amble.framework */; };
		AF2E759F1E9DC37800C548B6 /* UIButton+BackgroundColor.swift in Sources */ = {isa = PBXBuildFile; fileRef = AF2E759E1E9DC37800C548B6 /* UIButton+BackgroundColor.swift */; };
		AF2E75A11E9DC3FA00C548B6 /* UIButton+KeyboardAnimation.swift in Sources */ = {isa = PBXBuildFile; fileRef = AF2E75A01E9DC3FA00C548B6 /* UIButton+KeyboardAnimation.swift */; };
		AF87C9E21E9D310B005086FF /* EntryButton.swift in Sources */ = {isa = PBXBuildFile; fileRef = AF87C9E11E9D310B005086FF /* EntryButton.swift */; };
		AFADD05F1E9FD26600E8CBBE /* EntryViewController.swift in Sources */ = {isa = PBXBuildFile; fileRef = AFADD05E1E9FD26600E8CBBE /* EntryViewController.swift */; };
		AFADD0611E9FD35700E8CBBE /* RegisterViewController.swift in Sources */ = {isa = PBXBuildFile; fileRef = AFADD0601E9FD35700E8CBBE /* RegisterViewController.swift */; };
		AFADD0651EA00C8F00E8CBBE /* APIResponse.swift in Sources */ = {isa = PBXBuildFile; fileRef = AFADD0641EA00C8F00E8CBBE /* APIResponse.swift */; };
		AFADD0691EA140E900E8CBBE /* UIColor+Image.swift in Sources */ = {isa = PBXBuildFile; fileRef = AFADD0681EA140E900E8CBBE /* UIColor+Image.swift */; };
		AFB938AE1E5B2C0000BA3923 /* AppDelegate.swift in Sources */ = {isa = PBXBuildFile; fileRef = AFB938AD1E5B2C0000BA3923 /* AppDelegate.swift */; };
		AFB938B01E5B2C0000BA3923 /* FirstViewController.swift in Sources */ = {isa = PBXBuildFile; fileRef = AFB938AF1E5B2C0000BA3923 /* FirstViewController.swift */; };
		AFB938B21E5B2C0000BA3923 /* ProfileViewController.swift in Sources */ = {isa = PBXBuildFile; fileRef = AFB938B11E5B2C0000BA3923 /* ProfileViewController.swift */; };
		AFB938B51E5B2C0000BA3923 /* Main.storyboard in Resources */ = {isa = PBXBuildFile; fileRef = AFB938B31E5B2C0000BA3923 /* Main.storyboard */; };
		AFB938B71E5B2C0100BA3923 /* Assets.xcassets in Resources */ = {isa = PBXBuildFile; fileRef = AFB938B61E5B2C0100BA3923 /* Assets.xcassets */; };
		AFB938BA1E5B2C0100BA3923 /* LaunchScreen.storyboard in Resources */ = {isa = PBXBuildFile; fileRef = AFB938B81E5B2C0100BA3923 /* LaunchScreen.storyboard */; };
		AFB938D01E5B2C0100BA3923 /* amble_iosUITests.swift in Sources */ = {isa = PBXBuildFile; fileRef = AFB938CF1E5B2C0100BA3923 /* amble_iosUITests.swift */; };
		AFC3EE0F1E928F6A00159679 /* APIManager.swift in Sources */ = {isa = PBXBuildFile; fileRef = AFC3EE0E1E928F6A00159679 /* APIManager.swift */; };
		AFC3EE131E92995E00159679 /* Router.swift in Sources */ = {isa = PBXBuildFile; fileRef = AFC3EE121E92995E00159679 /* Router.swift */; };
		AFC3EE151E94187300159679 /* APIManagerTests.swift in Sources */ = {isa = PBXBuildFile; fileRef = AFC3EE141E94187300159679 /* APIManagerTests.swift */; };
		AFD8E9C21E9BB9DD00B0919A /* User.swift in Sources */ = {isa = PBXBuildFile; fileRef = AFD8E9C11E9BB9DD00B0919A /* User.swift */; };
		AFDCD17F1EA1B8C7007E0990 /* InitialViewController.swift in Sources */ = {isa = PBXBuildFile; fileRef = AFDCD17E1EA1B8C7007E0990 /* InitialViewController.swift */; };
		AFEF4BC31E987B3600F7DEBA /* LoginViewController.swift in Sources */ = {isa = PBXBuildFile; fileRef = AFEF4BC21E987B3600F7DEBA /* LoginViewController.swift */; };
		AFEF4BCC1E99623600F7DEBA /* EntryTableViewCell.swift in Sources */ = {isa = PBXBuildFile; fileRef = AFEF4BCA1E99623600F7DEBA /* EntryTableViewCell.swift */; };
		EBCDE4FDD02E934EC9FDF426 /* Pods_AmbleUITests.framework in Frameworks */ = {isa = PBXBuildFile; fileRef = 184FD3A76701D8A22173A25D /* Pods_AmbleUITests.framework */; };
/* End PBXBuildFile section */

/* Begin PBXContainerItemProxy section */
		AFB938C11E5B2C0100BA3923 /* PBXContainerItemProxy */ = {
			isa = PBXContainerItemProxy;
			containerPortal = AFB938A21E5B2C0000BA3923 /* Project object */;
			proxyType = 1;
			remoteGlobalIDString = AFB938A91E5B2C0000BA3923;
			remoteInfo = Amble;
		};
		AFB938CC1E5B2C0100BA3923 /* PBXContainerItemProxy */ = {
			isa = PBXContainerItemProxy;
			containerPortal = AFB938A21E5B2C0000BA3923 /* Project object */;
			proxyType = 1;
			remoteGlobalIDString = AFB938A91E5B2C0000BA3923;
			remoteInfo = Amble;
		};
/* End PBXContainerItemProxy section */

/* Begin PBXCopyFilesBuildPhase section */
		AFC3EE061E928D8600159679 /* Embed Frameworks */ = {
			isa = PBXCopyFilesBuildPhase;
			buildActionMask = 2147483647;
			dstPath = "";
			dstSubfolderSpec = 10;
			files = (
			);
			name = "Embed Frameworks";
			runOnlyForDeploymentPostprocessing = 0;
		};
/* End PBXCopyFilesBuildPhase section */

/* Begin PBXFileReference section */
		184FD3A76701D8A22173A25D /* Pods_AmbleUITests.framework */ = {isa = PBXFileReference; explicitFileType = wrapper.framework; includeInIndex = 0; path = Pods_AmbleUITests.framework; sourceTree = BUILT_PRODUCTS_DIR; };
		44666F6EAB8515BB74DFC8BC /* Pods-Amble.debug.xcconfig */ = {isa = PBXFileReference; includeInIndex = 1; lastKnownFileType = text.xcconfig; name = "Pods-Amble.debug.xcconfig"; path = "Pods/Target Support Files/Pods-Amble/Pods-Amble.debug.xcconfig"; sourceTree = "<group>"; };
		45A325ED89FF15DF776A15A8 /* Pods-AmbleUITests.debug.xcconfig */ = {isa = PBXFileReference; includeInIndex = 1; lastKnownFileType = text.xcconfig; name = "Pods-AmbleUITests.debug.xcconfig"; path = "Pods/Target Support Files/Pods-AmbleUITests/Pods-AmbleUITests.debug.xcconfig"; sourceTree = "<group>"; };
		5C9B1C67E08B6DADBA77E2FF /* Pods_AmbleTests.framework */ = {isa = PBXFileReference; explicitFileType = wrapper.framework; includeInIndex = 0; path = Pods_AmbleTests.framework; sourceTree = BUILT_PRODUCTS_DIR; };
		893D85E238620BE016AD4072 /* Pods-Amble.release.xcconfig */ = {isa = PBXFileReference; includeInIndex = 1; lastKnownFileType = text.xcconfig; name = "Pods-Amble.release.xcconfig"; path = "Pods/Target Support Files/Pods-Amble/Pods-Amble.release.xcconfig"; sourceTree = "<group>"; };
		AA688E5EFD6E86A42AFDF0A0 /* Pods-AmbleTests.release.xcconfig */ = {isa = PBXFileReference; includeInIndex = 1; lastKnownFileType = text.xcconfig; name = "Pods-AmbleTests.release.xcconfig"; path = "Pods/Target Support Files/Pods-AmbleTests/Pods-AmbleTests.release.xcconfig"; sourceTree = "<group>"; };
		AF2E759E1E9DC37800C548B6 /* UIButton+BackgroundColor.swift */ = {isa = PBXFileReference; fileEncoding = 4; lastKnownFileType = sourcecode.swift; lineEnding = 0; path = "UIButton+BackgroundColor.swift"; sourceTree = "<group>"; xcLanguageSpecificationIdentifier = xcode.lang.swift; };
		AF2E75A01E9DC3FA00C548B6 /* UIButton+KeyboardAnimation.swift */ = {isa = PBXFileReference; fileEncoding = 4; lastKnownFileType = sourcecode.swift; lineEnding = 0; path = "UIButton+KeyboardAnimation.swift"; sourceTree = "<group>"; xcLanguageSpecificationIdentifier = xcode.lang.swift; };
		AF87C9E11E9D310B005086FF /* EntryButton.swift */ = {isa = PBXFileReference; fileEncoding = 4; lastKnownFileType = sourcecode.swift; lineEnding = 0; path = EntryButton.swift; sourceTree = "<group>"; xcLanguageSpecificationIdentifier = xcode.lang.swift; };
		AFADD05E1E9FD26600E8CBBE /* EntryViewController.swift */ = {isa = PBXFileReference; fileEncoding = 4; lastKnownFileType = sourcecode.swift; path = EntryViewController.swift; sourceTree = "<group>"; };
		AFADD0601E9FD35700E8CBBE /* RegisterViewController.swift */ = {isa = PBXFileReference; fileEncoding = 4; lastKnownFileType = sourcecode.swift; path = RegisterViewController.swift; sourceTree = "<group>"; };
		AFADD0641EA00C8F00E8CBBE /* APIResponse.swift */ = {isa = PBXFileReference; fileEncoding = 4; lastKnownFileType = sourcecode.swift; path = APIResponse.swift; sourceTree = "<group>"; };
		AFADD0681EA140E900E8CBBE /* UIColor+Image.swift */ = {isa = PBXFileReference; fileEncoding = 4; lastKnownFileType = sourcecode.swift; path = "UIColor+Image.swift"; sourceTree = "<group>"; };
		AFB938AA1E5B2C0000BA3923 /* Amble.app */ = {isa = PBXFileReference; explicitFileType = wrapper.application; includeInIndex = 0; path = Amble.app; sourceTree = BUILT_PRODUCTS_DIR; };
		AFB938AD1E5B2C0000BA3923 /* AppDelegate.swift */ = {isa = PBXFileReference; lastKnownFileType = sourcecode.swift; lineEnding = 0; path = AppDelegate.swift; sourceTree = "<group>"; xcLanguageSpecificationIdentifier = xcode.lang.swift; };
		AFB938AF1E5B2C0000BA3923 /* FirstViewController.swift */ = {isa = PBXFileReference; lastKnownFileType = sourcecode.swift; lineEnding = 0; path = FirstViewController.swift; sourceTree = "<group>"; xcLanguageSpecificationIdentifier = xcode.lang.swift; };
		AFB938B11E5B2C0000BA3923 /* ProfileViewController.swift */ = {isa = PBXFileReference; lastKnownFileType = sourcecode.swift; lineEnding = 0; path = ProfileViewController.swift; sourceTree = "<group>"; xcLanguageSpecificationIdentifier = xcode.lang.swift; };
		AFB938B41E5B2C0000BA3923 /* Base */ = {isa = PBXFileReference; lastKnownFileType = file.storyboard; name = Base; path = Base.lproj/Main.storyboard; sourceTree = "<group>"; };
		AFB938B61E5B2C0100BA3923 /* Assets.xcassets */ = {isa = PBXFileReference; lastKnownFileType = folder.assetcatalog; path = Assets.xcassets; sourceTree = "<group>"; };
		AFB938B91E5B2C0100BA3923 /* Base */ = {isa = PBXFileReference; lastKnownFileType = file.storyboard; name = Base; path = Base.lproj/LaunchScreen.storyboard; sourceTree = "<group>"; };
		AFB938BB1E5B2C0100BA3923 /* Info.plist */ = {isa = PBXFileReference; lastKnownFileType = text.plist.xml; path = Info.plist; sourceTree = "<group>"; };
		AFB938C01E5B2C0100BA3923 /* AmbleTests.xctest */ = {isa = PBXFileReference; explicitFileType = wrapper.cfbundle; includeInIndex = 0; path = AmbleTests.xctest; sourceTree = BUILT_PRODUCTS_DIR; };
		AFB938C61E5B2C0100BA3923 /* Info.plist */ = {isa = PBXFileReference; lastKnownFileType = text.plist.xml; path = Info.plist; sourceTree = "<group>"; };
		AFB938CB1E5B2C0100BA3923 /* AmbleUITests.xctest */ = {isa = PBXFileReference; explicitFileType = wrapper.cfbundle; includeInIndex = 0; path = AmbleUITests.xctest; sourceTree = BUILT_PRODUCTS_DIR; };
		AFB938CF1E5B2C0100BA3923 /* amble_iosUITests.swift */ = {isa = PBXFileReference; lastKnownFileType = sourcecode.swift; lineEnding = 0; path = amble_iosUITests.swift; sourceTree = "<group>"; xcLanguageSpecificationIdentifier = xcode.lang.swift; };
		AFB938D11E5B2C0100BA3923 /* Info.plist */ = {isa = PBXFileReference; lastKnownFileType = text.plist.xml; path = Info.plist; sourceTree = "<group>"; };
		AFC3EDE01E927A1100159679 /* Alamofire.framework */ = {isa = PBXFileReference; lastKnownFileType = wrapper.framework; name = Alamofire.framework; path = "../../../../../Library/Developer/Xcode/DerivedData/Amble-duvhxqoqscperhekbelpwlhfjuzr/Build/Products/Debug-iphonesimulator/Alamofire/Alamofire.framework"; sourceTree = "<group>"; };
		AFC3EDE21E927A1600159679 /* SwiftyJSON.framework */ = {isa = PBXFileReference; lastKnownFileType = wrapper.framework; name = SwiftyJSON.framework; path = "../../../../../Library/Developer/Xcode/DerivedData/Amble-duvhxqoqscperhekbelpwlhfjuzr/Build/Products/Debug-iphonesimulator/SwiftyJSON/SwiftyJSON.framework"; sourceTree = "<group>"; };
		AFC3EE0E1E928F6A00159679 /* APIManager.swift */ = {isa = PBXFileReference; fileEncoding = 4; lastKnownFileType = sourcecode.swift; lineEnding = 0; path = APIManager.swift; sourceTree = "<group>"; xcLanguageSpecificationIdentifier = xcode.lang.swift; };
		AFC3EE121E92995E00159679 /* Router.swift */ = {isa = PBXFileReference; fileEncoding = 4; lastKnownFileType = sourcecode.swift; lineEnding = 0; path = Router.swift; sourceTree = "<group>"; xcLanguageSpecificationIdentifier = xcode.lang.swift; };
		AFC3EE141E94187300159679 /* APIManagerTests.swift */ = {isa = PBXFileReference; fileEncoding = 4; lastKnownFileType = sourcecode.swift; lineEnding = 0; path = APIManagerTests.swift; sourceTree = "<group>"; xcLanguageSpecificationIdentifier = xcode.lang.swift; };
		AFC3EE161E980C7800159679 /* Mockingjay.framework */ = {isa = PBXFileReference; lastKnownFileType = wrapper.framework; name = Mockingjay.framework; path = "../../../../../Library/Developer/Xcode/DerivedData/Amble-duvhxqoqscperhekbelpwlhfjuzr/Build/Products/Debug-iphonesimulator/Mockingjay/Mockingjay.framework"; sourceTree = "<group>"; };
		AFD8E9C11E9BB9DD00B0919A /* User.swift */ = {isa = PBXFileReference; fileEncoding = 4; lastKnownFileType = sourcecode.swift; lineEnding = 0; path = User.swift; sourceTree = "<group>"; xcLanguageSpecificationIdentifier = xcode.lang.swift; };
		AFDCD17E1EA1B8C7007E0990 /* InitialViewController.swift */ = {isa = PBXFileReference; fileEncoding = 4; lastKnownFileType = sourcecode.swift; path = InitialViewController.swift; sourceTree = "<group>"; };
		AFEF4BC21E987B3600F7DEBA /* LoginViewController.swift */ = {isa = PBXFileReference; fileEncoding = 4; lastKnownFileType = sourcecode.swift; lineEnding = 0; path = LoginViewController.swift; sourceTree = "<group>"; xcLanguageSpecificationIdentifier = xcode.lang.swift; };
		AFEF4BCA1E99623600F7DEBA /* EntryTableViewCell.swift */ = {isa = PBXFileReference; fileEncoding = 4; lastKnownFileType = sourcecode.swift; lineEnding = 0; path = EntryTableViewCell.swift; sourceTree = "<group>"; xcLanguageSpecificationIdentifier = xcode.lang.swift; };
		B37DD9D48B8010EE55C475F3 /* Pods-AmbleTests.debug.xcconfig */ = {isa = PBXFileReference; includeInIndex = 1; lastKnownFileType = text.xcconfig; name = "Pods-AmbleTests.debug.xcconfig"; path = "Pods/Target Support Files/Pods-AmbleTests/Pods-AmbleTests.debug.xcconfig"; sourceTree = "<group>"; };
		D78BD4F7B18EAACA674B1349 /* Pods-AmbleUITests.release.xcconfig */ = {isa = PBXFileReference; includeInIndex = 1; lastKnownFileType = text.xcconfig; name = "Pods-AmbleUITests.release.xcconfig"; path = "Pods/Target Support Files/Pods-AmbleUITests/Pods-AmbleUITests.release.xcconfig"; sourceTree = "<group>"; };
		D84250B2A0DA6EF4426313C1 /* Pods_Amble.framework */ = {isa = PBXFileReference; explicitFileType = wrapper.framework; includeInIndex = 0; path = Pods_Amble.framework; sourceTree = BUILT_PRODUCTS_DIR; };
/* End PBXFileReference section */

/* Begin PBXFrameworksBuildPhase section */
		AFB938A71E5B2C0000BA3923 /* Frameworks */ = {
			isa = PBXFrameworksBuildPhase;
			buildActionMask = 2147483647;
			files = (
				9F8A3D78E32F7EDAC3087EA0 /* Pods_Amble.framework in Frameworks */,
			);
			runOnlyForDeploymentPostprocessing = 0;
		};
		AFB938BD1E5B2C0100BA3923 /* Frameworks */ = {
			isa = PBXFrameworksBuildPhase;
			buildActionMask = 2147483647;
			files = (
				0C9E13C997DFEEA29558749A /* Pods_AmbleTests.framework in Frameworks */,
			);
			runOnlyForDeploymentPostprocessing = 0;
		};
		AFB938C81E5B2C0100BA3923 /* Frameworks */ = {
			isa = PBXFrameworksBuildPhase;
			buildActionMask = 2147483647;
			files = (
				EBCDE4FDD02E934EC9FDF426 /* Pods_AmbleUITests.framework in Frameworks */,
			);
			runOnlyForDeploymentPostprocessing = 0;
		};
/* End PBXFrameworksBuildPhase section */

/* Begin PBXGroup section */
		4A60990461250D669FF0785A /* Pods */ = {
			isa = PBXGroup;
			children = (
				44666F6EAB8515BB74DFC8BC /* Pods-Amble.debug.xcconfig */,
				893D85E238620BE016AD4072 /* Pods-Amble.release.xcconfig */,
				B37DD9D48B8010EE55C475F3 /* Pods-AmbleTests.debug.xcconfig */,
				AA688E5EFD6E86A42AFDF0A0 /* Pods-AmbleTests.release.xcconfig */,
				45A325ED89FF15DF776A15A8 /* Pods-AmbleUITests.debug.xcconfig */,
				D78BD4F7B18EAACA674B1349 /* Pods-AmbleUITests.release.xcconfig */,
			);
			name = Pods;
			sourceTree = "<group>";
		};
		AF2E759D1E9DC31200C548B6 /* Login */ = {
			isa = PBXGroup;
			children = (
				AF87C9E11E9D310B005086FF /* EntryButton.swift */,
				AFEF4BCA1E99623600F7DEBA /* EntryTableViewCell.swift */,
				AFADD05E1E9FD26600E8CBBE /* EntryViewController.swift */,
				AFEF4BC21E987B3600F7DEBA /* LoginViewController.swift */,
				AFADD0601E9FD35700E8CBBE /* RegisterViewController.swift */,
				AFDCD17E1EA1B8C7007E0990 /* InitialViewController.swift */,
			);
			path = Login;
			sourceTree = "<group>";
		};
		AF2E75A21E9DC77F00C548B6 /* Extensions */ = {
			isa = PBXGroup;
			children = (
				AF2E759E1E9DC37800C548B6 /* UIButton+BackgroundColor.swift */,
				AF2E75A01E9DC3FA00C548B6 /* UIButton+KeyboardAnimation.swift */,
				AFADD0681EA140E900E8CBBE /* UIColor+Image.swift */,
			);
			path = Extensions;
			sourceTree = "<group>";
		};
		AFB938A11E5B2C0000BA3923 = {
			isa = PBXGroup;
			children = (
				AFB938AC1E5B2C0000BA3923 /* Amble */,
				AFB938C31E5B2C0100BA3923 /* AmbleTests */,
				AFB938CE1E5B2C0100BA3923 /* AmbleUITests */,
				C94B737784ECBF4FA5B8F120 /* Frameworks */,
				4A60990461250D669FF0785A /* Pods */,
				AFB938AB1E5B2C0000BA3923 /* Products */,
			);
			sourceTree = "<group>";
		};
		AFB938AB1E5B2C0000BA3923 /* Products */ = {
			isa = PBXGroup;
			children = (
				AFB938AA1E5B2C0000BA3923 /* Amble.app */,
				AFB938C01E5B2C0100BA3923 /* AmbleTests.xctest */,
				AFB938CB1E5B2C0100BA3923 /* AmbleUITests.xctest */,
			);
			name = Products;
			sourceTree = "<group>";
		};
		AFB938AC1E5B2C0000BA3923 /* Amble */ = {
			isa = PBXGroup;
			children = (
				AFC3EE0D1E928F5400159679 /* APIManager */,
				AF2E75A21E9DC77F00C548B6 /* Extensions */,
				AF2E759D1E9DC31200C548B6 /* Login */,
				AFB938AD1E5B2C0000BA3923 /* AppDelegate.swift */,
				AFB938B61E5B2C0100BA3923 /* Assets.xcassets */,
				AFB938AF1E5B2C0000BA3923 /* FirstViewController.swift */,
				AFB938BB1E5B2C0100BA3923 /* Info.plist */,
				AFB938B81E5B2C0100BA3923 /* LaunchScreen.storyboard */,
				AFB938B31E5B2C0000BA3923 /* Main.storyboard */,
				AFB938B11E5B2C0000BA3923 /* ProfileViewController.swift */,
				AFD8E9C11E9BB9DD00B0919A /* User.swift */,
			);
			path = Amble;
			sourceTree = "<group>";
		};
		AFB938C31E5B2C0100BA3923 /* AmbleTests */ = {
			isa = PBXGroup;
			children = (
				AFC3EE141E94187300159679 /* APIManagerTests.swift */,
				AFB938C61E5B2C0100BA3923 /* Info.plist */,
			);
			path = AmbleTests;
			sourceTree = "<group>";
		};
		AFB938CE1E5B2C0100BA3923 /* AmbleUITests */ = {
			isa = PBXGroup;
			children = (
				AFB938D11E5B2C0100BA3923 /* Info.plist */,
				AFB938CF1E5B2C0100BA3923 /* amble_iosUITests.swift */,
			);
			path = AmbleUITests;
			sourceTree = "<group>";
		};
		AFC3EE0D1E928F5400159679 /* APIManager */ = {
			isa = PBXGroup;
			children = (
				AFC3EE0E1E928F6A00159679 /* APIManager.swift */,
				AFADD0641EA00C8F00E8CBBE /* APIResponse.swift */,
				AFC3EE101E9298AD00159679 /* Router */,
			);
			path = APIManager;
			sourceTree = "<group>";
		};
		AFC3EE101E9298AD00159679 /* Router */ = {
			isa = PBXGroup;
			children = (
				AFC3EE121E92995E00159679 /* Router.swift */,
			);
			path = Router;
			sourceTree = "<group>";
		};
		C94B737784ECBF4FA5B8F120 /* Frameworks */ = {
			isa = PBXGroup;
			children = (
				AFC3EE161E980C7800159679 /* Mockingjay.framework */,
				AFC3EDE21E927A1600159679 /* SwiftyJSON.framework */,
				AFC3EDE01E927A1100159679 /* Alamofire.framework */,
				D84250B2A0DA6EF4426313C1 /* Pods_Amble.framework */,
				5C9B1C67E08B6DADBA77E2FF /* Pods_AmbleTests.framework */,
				184FD3A76701D8A22173A25D /* Pods_AmbleUITests.framework */,
			);
			name = Frameworks;
			sourceTree = "<group>";
		};
/* End PBXGroup section */

/* Begin PBXNativeTarget section */
		AFB938A91E5B2C0000BA3923 /* Amble */ = {
			isa = PBXNativeTarget;
			buildConfigurationList = AFB938D41E5B2C0100BA3923 /* Build configuration list for PBXNativeTarget "Amble" */;
			buildPhases = (
				E1BEAEAA9DC52AC29FE7F295 /* [CP] Check Pods Manifest.lock */,
				AFB938A61E5B2C0000BA3923 /* Sources */,
				AFB938A71E5B2C0000BA3923 /* Frameworks */,
				AFB938A81E5B2C0000BA3923 /* Resources */,
				6184450DEE754D875A03138A /* [CP] Embed Pods Frameworks */,
				DBA7A0A7973AA01091C24520 /* [CP] Copy Pods Resources */,
				AFC3EE061E928D8600159679 /* Embed Frameworks */,
			);
			buildRules = (
			);
			dependencies = (
			);
			name = Amble;
			productName = Amble;
			productReference = AFB938AA1E5B2C0000BA3923 /* Amble.app */;
			productType = "com.apple.product-type.application";
		};
		AFB938BF1E5B2C0100BA3923 /* AmbleTests */ = {
			isa = PBXNativeTarget;
			buildConfigurationList = AFB938D71E5B2C0100BA3923 /* Build configuration list for PBXNativeTarget "AmbleTests" */;
			buildPhases = (
				33CD139F940073ECF4BA1C8C /* [CP] Check Pods Manifest.lock */,
				AFB938BC1E5B2C0100BA3923 /* Sources */,
				AFB938BD1E5B2C0100BA3923 /* Frameworks */,
				AFB938BE1E5B2C0100BA3923 /* Resources */,
				A5B1C13A1E339CCDBBCEF1B4 /* [CP] Embed Pods Frameworks */,
				6DA674622DE0BEF2BBC17AF6 /* [CP] Copy Pods Resources */,
			);
			buildRules = (
			);
			dependencies = (
				AFB938C21E5B2C0100BA3923 /* PBXTargetDependency */,
			);
			name = AmbleTests;
			productName = AmbleTests;
			productReference = AFB938C01E5B2C0100BA3923 /* AmbleTests.xctest */;
			productType = "com.apple.product-type.bundle.unit-test";
		};
		AFB938CA1E5B2C0100BA3923 /* AmbleUITests */ = {
			isa = PBXNativeTarget;
			buildConfigurationList = AFB938DA1E5B2C0100BA3923 /* Build configuration list for PBXNativeTarget "AmbleUITests" */;
			buildPhases = (
				01111BEE2F8F9DCF3BFBA5C3 /* [CP] Check Pods Manifest.lock */,
				AFB938C71E5B2C0100BA3923 /* Sources */,
				AFB938C81E5B2C0100BA3923 /* Frameworks */,
				AFB938C91E5B2C0100BA3923 /* Resources */,
				3A257B13A065B0362FF0500D /* [CP] Embed Pods Frameworks */,
				069700A11620C6642B038090 /* [CP] Copy Pods Resources */,
			);
			buildRules = (
			);
			dependencies = (
				AFB938CD1E5B2C0100BA3923 /* PBXTargetDependency */,
			);
			name = AmbleUITests;
			productName = AmbleUITests;
			productReference = AFB938CB1E5B2C0100BA3923 /* AmbleUITests.xctest */;
			productType = "com.apple.product-type.bundle.ui-testing";
		};
/* End PBXNativeTarget section */

/* Begin PBXProject section */
		AFB938A21E5B2C0000BA3923 /* Project object */ = {
			isa = PBXProject;
			attributes = {
				LastSwiftUpdateCheck = 0820;
				LastUpgradeCheck = 0820;
				ORGANIZATIONNAME = "Jonathan Muller";
				TargetAttributes = {
					AFB938A91E5B2C0000BA3923 = {
						CreatedOnToolsVersion = 8.2.1;
						DevelopmentTeam = VWR855X7M3;
						ProvisioningStyle = Automatic;
					};
					AFB938BF1E5B2C0100BA3923 = {
						CreatedOnToolsVersion = 8.2.1;
						DevelopmentTeam = QJQGH9NF7F;
						ProvisioningStyle = Automatic;
						TestTargetID = AFB938A91E5B2C0000BA3923;
					};
					AFB938CA1E5B2C0100BA3923 = {
						CreatedOnToolsVersion = 8.2.1;
						DevelopmentTeam = QJQGH9NF7F;
						ProvisioningStyle = Automatic;
						TestTargetID = AFB938A91E5B2C0000BA3923;
					};
				};
			};
			buildConfigurationList = AFB938A51E5B2C0000BA3923 /* Build configuration list for PBXProject "Amble" */;
			compatibilityVersion = "Xcode 3.2";
			developmentRegion = English;
			hasScannedForEncodings = 0;
			knownRegions = (
				en,
				Base,
			);
			mainGroup = AFB938A11E5B2C0000BA3923;
			productRefGroup = AFB938AB1E5B2C0000BA3923 /* Products */;
			projectDirPath = "";
			projectRoot = "";
			targets = (
				AFB938A91E5B2C0000BA3923 /* Amble */,
				AFB938BF1E5B2C0100BA3923 /* AmbleTests */,
				AFB938CA1E5B2C0100BA3923 /* AmbleUITests */,
			);
		};
/* End PBXProject section */

/* Begin PBXResourcesBuildPhase section */
		AFB938A81E5B2C0000BA3923 /* Resources */ = {
			isa = PBXResourcesBuildPhase;
			buildActionMask = 2147483647;
			files = (
				AFB938BA1E5B2C0100BA3923 /* LaunchScreen.storyboard in Resources */,
				AFB938B71E5B2C0100BA3923 /* Assets.xcassets in Resources */,
				AFB938B51E5B2C0000BA3923 /* Main.storyboard in Resources */,
			);
			runOnlyForDeploymentPostprocessing = 0;
		};
		AFB938BE1E5B2C0100BA3923 /* Resources */ = {
			isa = PBXResourcesBuildPhase;
			buildActionMask = 2147483647;
			files = (
			);
			runOnlyForDeploymentPostprocessing = 0;
		};
		AFB938C91E5B2C0100BA3923 /* Resources */ = {
			isa = PBXResourcesBuildPhase;
			buildActionMask = 2147483647;
			files = (
			);
			runOnlyForDeploymentPostprocessing = 0;
		};
/* End PBXResourcesBuildPhase section */

/* Begin PBXShellScriptBuildPhase section */
		01111BEE2F8F9DCF3BFBA5C3 /* [CP] Check Pods Manifest.lock */ = {
			isa = PBXShellScriptBuildPhase;
			buildActionMask = 2147483647;
			files = (
			);
			inputPaths = (
			);
			name = "[CP] Check Pods Manifest.lock";
			outputPaths = (
			);
			runOnlyForDeploymentPostprocessing = 0;
			shellPath = /bin/sh;
			shellScript = "diff \"${PODS_PODFILE_DIR_PATH}/Podfile.lock\" \"${PODS_ROOT}/Manifest.lock\" > /dev/null\nif [ $? != 0 ] ; then\n    # print error to STDERR\n    echo \"error: The sandbox is not in sync with the Podfile.lock. Run 'pod install' or update your CocoaPods installation.\" >&2\n    exit 1\nfi\n";
			showEnvVarsInLog = 0;
		};
		069700A11620C6642B038090 /* [CP] Copy Pods Resources */ = {
			isa = PBXShellScriptBuildPhase;
			buildActionMask = 2147483647;
			files = (
			);
			inputPaths = (
			);
			name = "[CP] Copy Pods Resources";
			outputPaths = (
			);
			runOnlyForDeploymentPostprocessing = 0;
			shellPath = /bin/sh;
			shellScript = "\"${SRCROOT}/Pods/Target Support Files/Pods-AmbleUITests/Pods-AmbleUITests-resources.sh\"\n";
			showEnvVarsInLog = 0;
		};
		33CD139F940073ECF4BA1C8C /* [CP] Check Pods Manifest.lock */ = {
			isa = PBXShellScriptBuildPhase;
			buildActionMask = 2147483647;
			files = (
			);
			inputPaths = (
			);
			name = "[CP] Check Pods Manifest.lock";
			outputPaths = (
			);
			runOnlyForDeploymentPostprocessing = 0;
			shellPath = /bin/sh;
			shellScript = "diff \"${PODS_PODFILE_DIR_PATH}/Podfile.lock\" \"${PODS_ROOT}/Manifest.lock\" > /dev/null\nif [ $? != 0 ] ; then\n    # print error to STDERR\n    echo \"error: The sandbox is not in sync with the Podfile.lock. Run 'pod install' or update your CocoaPods installation.\" >&2\n    exit 1\nfi\n";
			showEnvVarsInLog = 0;
		};
		3A257B13A065B0362FF0500D /* [CP] Embed Pods Frameworks */ = {
			isa = PBXShellScriptBuildPhase;
			buildActionMask = 2147483647;
			files = (
			);
			inputPaths = (
			);
			name = "[CP] Embed Pods Frameworks";
			outputPaths = (
			);
			runOnlyForDeploymentPostprocessing = 0;
			shellPath = /bin/sh;
			shellScript = "\"${SRCROOT}/Pods/Target Support Files/Pods-AmbleUITests/Pods-AmbleUITests-frameworks.sh\"\n";
			showEnvVarsInLog = 0;
		};
		6184450DEE754D875A03138A /* [CP] Embed Pods Frameworks */ = {
			isa = PBXShellScriptBuildPhase;
			buildActionMask = 2147483647;
			files = (
			);
			inputPaths = (
			);
			name = "[CP] Embed Pods Frameworks";
			outputPaths = (
			);
			runOnlyForDeploymentPostprocessing = 0;
			shellPath = /bin/sh;
			shellScript = "\"${SRCROOT}/Pods/Target Support Files/Pods-Amble/Pods-Amble-frameworks.sh\"\n";
			showEnvVarsInLog = 0;
		};
		6DA674622DE0BEF2BBC17AF6 /* [CP] Copy Pods Resources */ = {
			isa = PBXShellScriptBuildPhase;
			buildActionMask = 2147483647;
			files = (
			);
			inputPaths = (
			);
			name = "[CP] Copy Pods Resources";
			outputPaths = (
			);
			runOnlyForDeploymentPostprocessing = 0;
			shellPath = /bin/sh;
			shellScript = "\"${SRCROOT}/Pods/Target Support Files/Pods-AmbleTests/Pods-AmbleTests-resources.sh\"\n";
			showEnvVarsInLog = 0;
		};
		A5B1C13A1E339CCDBBCEF1B4 /* [CP] Embed Pods Frameworks */ = {
			isa = PBXShellScriptBuildPhase;
			buildActionMask = 2147483647;
			files = (
			);
			inputPaths = (
			);
			name = "[CP] Embed Pods Frameworks";
			outputPaths = (
			);
			runOnlyForDeploymentPostprocessing = 0;
			shellPath = /bin/sh;
			shellScript = "\"${SRCROOT}/Pods/Target Support Files/Pods-AmbleTests/Pods-AmbleTests-frameworks.sh\"\n";
			showEnvVarsInLog = 0;
		};
		DBA7A0A7973AA01091C24520 /* [CP] Copy Pods Resources */ = {
			isa = PBXShellScriptBuildPhase;
			buildActionMask = 2147483647;
			files = (
			);
			inputPaths = (
			);
			name = "[CP] Copy Pods Resources";
			outputPaths = (
			);
			runOnlyForDeploymentPostprocessing = 0;
			shellPath = /bin/sh;
			shellScript = "\"${SRCROOT}/Pods/Target Support Files/Pods-Amble/Pods-Amble-resources.sh\"\n";
			showEnvVarsInLog = 0;
		};
		E1BEAEAA9DC52AC29FE7F295 /* [CP] Check Pods Manifest.lock */ = {
			isa = PBXShellScriptBuildPhase;
			buildActionMask = 2147483647;
			files = (
			);
			inputPaths = (
			);
			name = "[CP] Check Pods Manifest.lock";
			outputPaths = (
			);
			runOnlyForDeploymentPostprocessing = 0;
			shellPath = /bin/sh;
			shellScript = "diff \"${PODS_PODFILE_DIR_PATH}/Podfile.lock\" \"${PODS_ROOT}/Manifest.lock\" > /dev/null\nif [ $? != 0 ] ; then\n    # print error to STDERR\n    echo \"error: The sandbox is not in sync with the Podfile.lock. Run 'pod install' or update your CocoaPods installation.\" >&2\n    exit 1\nfi\n";
			showEnvVarsInLog = 0;
		};
/* End PBXShellScriptBuildPhase section */

/* Begin PBXSourcesBuildPhase section */
		AFB938A61E5B2C0000BA3923 /* Sources */ = {
			isa = PBXSourcesBuildPhase;
			buildActionMask = 2147483647;
			files = (
				AFC3EE0F1E928F6A00159679 /* APIManager.swift in Sources */,
				AFB938B21E5B2C0000BA3923 /* ProfileViewController.swift in Sources */,
				AFC3EE131E92995E00159679 /* Router.swift in Sources */,
				AFB938AE1E5B2C0000BA3923 /* AppDelegate.swift in Sources */,
				AFADD05F1E9FD26600E8CBBE /* EntryViewController.swift in Sources */,
				AF2E759F1E9DC37800C548B6 /* UIButton+BackgroundColor.swift in Sources */,
				AF87C9E21E9D310B005086FF /* EntryButton.swift in Sources */,
				AFADD0651EA00C8F00E8CBBE /* APIResponse.swift in Sources */,
				AFD8E9C21E9BB9DD00B0919A /* User.swift in Sources */,
				AFADD0611E9FD35700E8CBBE /* RegisterViewController.swift in Sources */,
				AFB938B01E5B2C0000BA3923 /* FirstViewController.swift in Sources */,
				AFEF4BC31E987B3600F7DEBA /* LoginViewController.swift in Sources */,
				AF2E75A11E9DC3FA00C548B6 /* UIButton+KeyboardAnimation.swift in Sources */,
				AFEF4BCC1E99623600F7DEBA /* EntryTableViewCell.swift in Sources */,
				AFADD0691EA140E900E8CBBE /* UIColor+Image.swift in Sources */,
				AFDCD17F1EA1B8C7007E0990 /* InitialViewController.swift in Sources */,
			);
			runOnlyForDeploymentPostprocessing = 0;
		};
		AFB938BC1E5B2C0100BA3923 /* Sources */ = {
			isa = PBXSourcesBuildPhase;
			buildActionMask = 2147483647;
			files = (
				AFC3EE151E94187300159679 /* APIManagerTests.swift in Sources */,
			);
			runOnlyForDeploymentPostprocessing = 0;
		};
		AFB938C71E5B2C0100BA3923 /* Sources */ = {
			isa = PBXSourcesBuildPhase;
			buildActionMask = 2147483647;
			files = (
				AFB938D01E5B2C0100BA3923 /* amble_iosUITests.swift in Sources */,
			);
			runOnlyForDeploymentPostprocessing = 0;
		};
/* End PBXSourcesBuildPhase section */

/* Begin PBXTargetDependency section */
		AFB938C21E5B2C0100BA3923 /* PBXTargetDependency */ = {
			isa = PBXTargetDependency;
			target = AFB938A91E5B2C0000BA3923 /* Amble */;
			targetProxy = AFB938C11E5B2C0100BA3923 /* PBXContainerItemProxy */;
		};
		AFB938CD1E5B2C0100BA3923 /* PBXTargetDependency */ = {
			isa = PBXTargetDependency;
			target = AFB938A91E5B2C0000BA3923 /* Amble */;
			targetProxy = AFB938CC1E5B2C0100BA3923 /* PBXContainerItemProxy */;
		};
/* End PBXTargetDependency section */

/* Begin PBXVariantGroup section */
		AFB938B31E5B2C0000BA3923 /* Main.storyboard */ = {
			isa = PBXVariantGroup;
			children = (
				AFB938B41E5B2C0000BA3923 /* Base */,
			);
			name = Main.storyboard;
			path = .;
			sourceTree = "<group>";
		};
		AFB938B81E5B2C0100BA3923 /* LaunchScreen.storyboard */ = {
			isa = PBXVariantGroup;
			children = (
				AFB938B91E5B2C0100BA3923 /* Base */,
			);
			name = LaunchScreen.storyboard;
			path = .;
			sourceTree = "<group>";
		};
/* End PBXVariantGroup section */

/* Begin XCBuildConfiguration section */
		AFB938D21E5B2C0100BA3923 /* Debug */ = {
			isa = XCBuildConfiguration;
			buildSettings = {
				ALWAYS_SEARCH_USER_PATHS = NO;
				CLANG_ANALYZER_NONNULL = YES;
				CLANG_CXX_LANGUAGE_STANDARD = "gnu++0x";
				CLANG_CXX_LIBRARY = "libc++";
				CLANG_ENABLE_MODULES = YES;
				CLANG_ENABLE_OBJC_ARC = YES;
				CLANG_WARN_BOOL_CONVERSION = YES;
				CLANG_WARN_CONSTANT_CONVERSION = YES;
				CLANG_WARN_DIRECT_OBJC_ISA_USAGE = YES_ERROR;
				CLANG_WARN_DOCUMENTATION_COMMENTS = YES;
				CLANG_WARN_EMPTY_BODY = YES;
				CLANG_WARN_ENUM_CONVERSION = YES;
				CLANG_WARN_INFINITE_RECURSION = YES;
				CLANG_WARN_INT_CONVERSION = YES;
				CLANG_WARN_OBJC_ROOT_CLASS = YES_ERROR;
				CLANG_WARN_SUSPICIOUS_MOVE = YES;
				CLANG_WARN_UNREACHABLE_CODE = YES;
				CLANG_WARN__DUPLICATE_METHOD_MATCH = YES;
				"CODE_SIGN_IDENTITY[sdk=iphoneos*]" = "iPhone Developer";
				COPY_PHASE_STRIP = NO;
				DEBUG_ACTIVITY_MODE = disable;
				DEBUG_INFORMATION_FORMAT = dwarf;
				ENABLE_STRICT_OBJC_MSGSEND = YES;
				ENABLE_TESTABILITY = YES;
				GCC_C_LANGUAGE_STANDARD = gnu99;
				GCC_DYNAMIC_NO_PIC = NO;
				GCC_NO_COMMON_BLOCKS = YES;
				GCC_OPTIMIZATION_LEVEL = 0;
				GCC_PREPROCESSOR_DEFINITIONS = (
					"DEBUG=1",
					"$(inherited)",
				);
				GCC_WARN_64_TO_32_BIT_CONVERSION = YES;
				GCC_WARN_ABOUT_RETURN_TYPE = YES_ERROR;
				GCC_WARN_UNDECLARED_SELECTOR = YES;
				GCC_WARN_UNINITIALIZED_AUTOS = YES_AGGRESSIVE;
				GCC_WARN_UNUSED_FUNCTION = YES;
				GCC_WARN_UNUSED_VARIABLE = YES;
				IPHONEOS_DEPLOYMENT_TARGET = 10.0;
				MTL_ENABLE_DEBUG_INFO = YES;
				ONLY_ACTIVE_ARCH = YES;
				SDKROOT = iphoneos;
				SWIFT_ACTIVE_COMPILATION_CONDITIONS = DEBUG;
				SWIFT_OPTIMIZATION_LEVEL = "-Onone";
				TARGETED_DEVICE_FAMILY = "1,2";
			};
			name = Debug;
		};
		AFB938D31E5B2C0100BA3923 /* Release */ = {
			isa = XCBuildConfiguration;
			buildSettings = {
				ALWAYS_SEARCH_USER_PATHS = NO;
				CLANG_ANALYZER_NONNULL = YES;
				CLANG_CXX_LANGUAGE_STANDARD = "gnu++0x";
				CLANG_CXX_LIBRARY = "libc++";
				CLANG_ENABLE_MODULES = YES;
				CLANG_ENABLE_OBJC_ARC = YES;
				CLANG_WARN_BOOL_CONVERSION = YES;
				CLANG_WARN_CONSTANT_CONVERSION = YES;
				CLANG_WARN_DIRECT_OBJC_ISA_USAGE = YES_ERROR;
				CLANG_WARN_DOCUMENTATION_COMMENTS = YES;
				CLANG_WARN_EMPTY_BODY = YES;
				CLANG_WARN_ENUM_CONVERSION = YES;
				CLANG_WARN_INFINITE_RECURSION = YES;
				CLANG_WARN_INT_CONVERSION = YES;
				CLANG_WARN_OBJC_ROOT_CLASS = YES_ERROR;
				CLANG_WARN_SUSPICIOUS_MOVE = YES;
				CLANG_WARN_UNREACHABLE_CODE = YES;
				CLANG_WARN__DUPLICATE_METHOD_MATCH = YES;
				"CODE_SIGN_IDENTITY[sdk=iphoneos*]" = "iPhone Developer";
				COPY_PHASE_STRIP = NO;
				DEBUG_ACTIVITY_MODE = "";
				DEBUG_INFORMATION_FORMAT = "dwarf-with-dsym";
				ENABLE_NS_ASSERTIONS = NO;
				ENABLE_STRICT_OBJC_MSGSEND = YES;
				GCC_C_LANGUAGE_STANDARD = gnu99;
				GCC_NO_COMMON_BLOCKS = YES;
				GCC_WARN_64_TO_32_BIT_CONVERSION = YES;
				GCC_WARN_ABOUT_RETURN_TYPE = YES_ERROR;
				GCC_WARN_UNDECLARED_SELECTOR = YES;
				GCC_WARN_UNINITIALIZED_AUTOS = YES_AGGRESSIVE;
				GCC_WARN_UNUSED_FUNCTION = YES;
				GCC_WARN_UNUSED_VARIABLE = YES;
				IPHONEOS_DEPLOYMENT_TARGET = 10.0;
				MTL_ENABLE_DEBUG_INFO = NO;
				SDKROOT = iphoneos;
				SWIFT_OPTIMIZATION_LEVEL = "-Owholemodule";
				TARGETED_DEVICE_FAMILY = "1,2";
				VALIDATE_PRODUCT = YES;
			};
			name = Release;
		};
		AFB938D51E5B2C0100BA3923 /* Debug */ = {
			isa = XCBuildConfiguration;
			baseConfigurationReference = 44666F6EAB8515BB74DFC8BC /* Pods-Amble.debug.xcconfig */;
			buildSettings = {
				ASSETCATALOG_COMPILER_APPICON_NAME = AppIcon;
				DEVELOPMENT_TEAM = VWR855X7M3;
				INFOPLIST_FILE = Amble/Info.plist;
				LD_RUNPATH_SEARCH_PATHS = "$(inherited) @executable_path/Frameworks";
				PRODUCT_BUNDLE_IDENTIFIER = jonomuller.Amble;
				PRODUCT_NAME = "$(TARGET_NAME)";
				SWIFT_VERSION = 3.0;
			};
			name = Debug;
		};
		AFB938D61E5B2C0100BA3923 /* Release */ = {
			isa = XCBuildConfiguration;
			baseConfigurationReference = 893D85E238620BE016AD4072 /* Pods-Amble.release.xcconfig */;
			buildSettings = {
				ASSETCATALOG_COMPILER_APPICON_NAME = AppIcon;
				DEVELOPMENT_TEAM = VWR855X7M3;
				INFOPLIST_FILE = Amble/Info.plist;
				LD_RUNPATH_SEARCH_PATHS = "$(inherited) @executable_path/Frameworks";
				PRODUCT_BUNDLE_IDENTIFIER = jonomuller.Amble;
				PRODUCT_NAME = "$(TARGET_NAME)";
				SWIFT_VERSION = 3.0;
			};
			name = Release;
		};
		AFB938D81E5B2C0100BA3923 /* Debug */ = {
			isa = XCBuildConfiguration;
			baseConfigurationReference = B37DD9D48B8010EE55C475F3 /* Pods-AmbleTests.debug.xcconfig */;
			buildSettings = {
				BUNDLE_LOADER = "$(TEST_HOST)";
				DEVELOPMENT_TEAM = QJQGH9NF7F;
				INFOPLIST_FILE = AmbleTests/Info.plist;
				LD_RUNPATH_SEARCH_PATHS = "$(inherited) @executable_path/Frameworks @loader_path/Frameworks";
				PRODUCT_BUNDLE_IDENTIFIER = jonomuller.AmbleTests;
				PRODUCT_NAME = "$(TARGET_NAME)";
				SWIFT_VERSION = 3.0;
				TEST_HOST = "$(BUILT_PRODUCTS_DIR)/Amble.app/Amble";
			};
			name = Debug;
		};
		AFB938D91E5B2C0100BA3923 /* Release */ = {
			isa = XCBuildConfiguration;
			baseConfigurationReference = AA688E5EFD6E86A42AFDF0A0 /* Pods-AmbleTests.release.xcconfig */;
			buildSettings = {
				BUNDLE_LOADER = "$(TEST_HOST)";
				DEVELOPMENT_TEAM = QJQGH9NF7F;
				INFOPLIST_FILE = AmbleTests/Info.plist;
				LD_RUNPATH_SEARCH_PATHS = "$(inherited) @executable_path/Frameworks @loader_path/Frameworks";
				PRODUCT_BUNDLE_IDENTIFIER = jonomuller.AmbleTests;
				PRODUCT_NAME = "$(TARGET_NAME)";
				SWIFT_VERSION = 3.0;
				TEST_HOST = "$(BUILT_PRODUCTS_DIR)/Amble.app/Amble";
			};
			name = Release;
		};
		AFB938DB1E5B2C0100BA3923 /* Debug */ = {
			isa = XCBuildConfiguration;
			baseConfigurationReference = 45A325ED89FF15DF776A15A8 /* Pods-AmbleUITests.debug.xcconfig */;
			buildSettings = {
				DEVELOPMENT_TEAM = QJQGH9NF7F;
				INFOPLIST_FILE = AmbleUITests/Info.plist;
				LD_RUNPATH_SEARCH_PATHS = "$(inherited) @executable_path/Frameworks @loader_path/Frameworks";
				PRODUCT_BUNDLE_IDENTIFIER = jonomuller.AmbleUITests;
				PRODUCT_NAME = "$(TARGET_NAME)";
				SWIFT_VERSION = 3.0;
				TEST_TARGET_NAME = Amble;
			};
			name = Debug;
		};
		AFB938DC1E5B2C0100BA3923 /* Release */ = {
			isa = XCBuildConfiguration;
			baseConfigurationReference = D78BD4F7B18EAACA674B1349 /* Pods-AmbleUITests.release.xcconfig */;
			buildSettings = {
				DEVELOPMENT_TEAM = QJQGH9NF7F;
				INFOPLIST_FILE = AmbleUITests/Info.plist;
				LD_RUNPATH_SEARCH_PATHS = "$(inherited) @executable_path/Frameworks @loader_path/Frameworks";
				PRODUCT_BUNDLE_IDENTIFIER = jonomuller.AmbleUITests;
				PRODUCT_NAME = "$(TARGET_NAME)";
				SWIFT_VERSION = 3.0;
				TEST_TARGET_NAME = Amble;
			};
			name = Release;
		};
/* End XCBuildConfiguration section */

/* Begin XCConfigurationList section */
		AFB938A51E5B2C0000BA3923 /* Build configuration list for PBXProject "Amble" */ = {
			isa = XCConfigurationList;
			buildConfigurations = (
				AFB938D21E5B2C0100BA3923 /* Debug */,
				AFB938D31E5B2C0100BA3923 /* Release */,
			);
			defaultConfigurationIsVisible = 0;
			defaultConfigurationName = Release;
		};
		AFB938D41E5B2C0100BA3923 /* Build configuration list for PBXNativeTarget "Amble" */ = {
			isa = XCConfigurationList;
			buildConfigurations = (
				AFB938D51E5B2C0100BA3923 /* Debug */,
				AFB938D61E5B2C0100BA3923 /* Release */,
			);
			defaultConfigurationIsVisible = 0;
			defaultConfigurationName = Release;
		};
		AFB938D71E5B2C0100BA3923 /* Build configuration list for PBXNativeTarget "AmbleTests" */ = {
			isa = XCConfigurationList;
			buildConfigurations = (
				AFB938D81E5B2C0100BA3923 /* Debug */,
				AFB938D91E5B2C0100BA3923 /* Release */,
			);
			defaultConfigurationIsVisible = 0;
			defaultConfigurationName = Release;
		};
		AFB938DA1E5B2C0100BA3923 /* Build configuration list for PBXNativeTarget "AmbleUITests" */ = {
			isa = XCConfigurationList;
			buildConfigurations = (
				AFB938DB1E5B2C0100BA3923 /* Debug */,
				AFB938DC1E5B2C0100BA3923 /* Release */,
			);
			defaultConfigurationIsVisible = 0;
			defaultConfigurationName = Release;
		};
/* End XCConfigurationList section */
	};
	rootObject = AFB938A21E5B2C0000BA3923 /* Project object */;
}
